
Microsoft Visual Studio Solution File, Format Version 12.00
# Visual Studio Version 17
VisualStudioVersion = 17.3.32922.545
MinimumVisualStudioVersion = 10.0.40219.1
Project("{9A19103F-16F7-4668-BE54-9A1E7A4F7556}") = "Basic", "Projects\Basic\Basic.csproj", "{6B54ACA8-3619-4FF0-9920-C914A480C2AF}"
EndProject
Project("{9A19103F-16F7-4668-BE54-9A1E7A4F7556}") = "ProgressQuery", "Projects\ProgressQuery\ProgressQuery.csproj", "{34B9CB24-499E-46D9-A79D-015F4123ECDA}"
EndProject
Global
	GlobalSection(SolutionConfigurationPlatforms) = preSolution
		Debug|Any CPU = Debug|Any CPU
		Debug|x86 = Debug|x86
		Release|Any CPU = Release|Any CPU
		Release|x86 = Release|x86
	EndGlobalSection
	GlobalSection(ProjectConfigurationPlatforms) = postSolution
		{6B54ACA8-3619-4FF0-9920-C914A480C2AF}.Debug|Any CPU.ActiveCfg = Debug|Any CPU
		{6B54ACA8-3619-4FF0-9920-C914A480C2AF}.Debug|Any CPU.Build.0 = Debug|Any CPU
		{6B54ACA8-3619-4FF0-9920-C914A480C2AF}.Debug|x86.ActiveCfg = Debug|Any CPU
		{6B54ACA8-3619-4FF0-9920-C914A480C2AF}.Debug|x86.Build.0 = Debug|Any CPU
		{6B54ACA8-3619-4FF0-9920-C914A480C2AF}.Release|Any CPU.ActiveCfg = Release|Any CPU
		{6B54ACA8-3619-4FF0-9920-C914A480C2AF}.Release|Any CPU.Build.0 = Release|Any CPU
		{6B54ACA8-3619-4FF0-9920-C914A480C2AF}.Release|x86.ActiveCfg = Release|Any CPU
		{6B54ACA8-3619-4FF0-9920-C914A480C2AF}.Release|x86.Build.0 = Release|Any CPU
		{34B9CB24-499E-46D9-A79D-015F4123ECDA}.Debug|Any CPU.ActiveCfg = Debug|Any CPU
		{34B9CB24-499E-46D9-A79D-015F4123ECDA}.Debug|Any CPU.Build.0 = Debug|Any CPU
		{34B9CB24-499E-46D9-A79D-015F4123ECDA}.Debug|x86.ActiveCfg = Debug|Any CPU
		{34B9CB24-499E-46D9-A79D-015F4123ECDA}.Debug|x86.Build.0 = Debug|Any CPU
		{34B9CB24-499E-46D9-A79D-015F4123ECDA}.Release|Any CPU.ActiveCfg = Release|Any CPU
		{34B9CB24-499E-46D9-A79D-015F4123ECDA}.Release|Any CPU.Build.0 = Release|Any CPU
		{34B9CB24-499E-46D9-A79D-015F4123ECDA}.Release|x86.ActiveCfg = Release|Any CPU
		{34B9CB24-499E-46D9-A79D-015F4123ECDA}.Release|x86.Build.0 = Release|Any CPU
	EndGlobalSection
	GlobalSection(SolutionProperties) = preSolution
		HideSolutionNode = FALSE
	EndGlobalSection
	GlobalSection(ExtensibilityGlobals) = postSolution
		SolutionGuid = {634746EE-A295-4EF0-B6D7-C48B2E48B4CD}
	EndGlobalSection
EndGlobal
