
Microsoft Visual Studio Solution File, Format Version 12.00
# Visual Studio Version 17
VisualStudioVersion = 17.3.32922.545
MinimumVisualStudioVersion = 10.0.40219.1
Project("{2150E333-8FDC-42A3-9474-1A3956D46DE8}") = "Solution Items", "Solution Items", "{17B35BD8-E6BB-48A5-A470-E745EC976621}"
	ProjectSection(SolutionItems) = preProject
		.editorconfig = .editorconfig
	EndProjectSection
EndProject
Project("{9A19103F-16F7-4668-BE54-9A1E7A4F7556}") = "ProgressQuery", "src\VBY\ProgressQuery\ProgressQuery.csproj", "{34B9CB24-499E-46D9-A79D-015F4123ECDA}"
EndProject
Project("{9A19103F-16F7-4668-BE54-9A1E7A4F7556}") = "Shop", "src\VBY\Shop\Shop.csproj", "{1CF12EAF-1330-4E75-8BC0-2CDBD5EE27FC}"
EndProject
Project("{9A19103F-16F7-4668-BE54-9A1E7A4F7556}") = "ItemStrengthen", "src\VBY\ItemStrengthen\ItemStrengthen.csproj", "{D7B9B8BF-456E-400A-80B4-86377CCF7EAF}"
EndProject
Project("{9A19103F-16F7-4668-BE54-9A1E7A4F7556}") = "MiniGame", "src\MiniGame\MiniGame.csproj", "{1AA97F0E-45DD-406D-BA4D-6AE08D8247B5}"
EndProject
Project("{9A19103F-16F7-4668-BE54-9A1E7A4F7556}") = "Common", "src\VBY\Common\Common.csproj", "{620A1701-83FF-4ADF-A06A-620A2614459D}"
EndProject
Project("{9A19103F-16F7-4668-BE54-9A1E7A4F7556}") = "TempGroup", "src\TempGroup\TempGroup.csproj", "{9BE484BF-CBDF-4264-967E-C9D3E9A98B79}"
EndProject
Project("{9A19103F-16F7-4668-BE54-9A1E7A4F7556}") = "FlowerSeaRPG", "src\FlowerSeaRPG\FlowerSeaRPG.csproj", "{247A647A-BD10-4F9D-BF95-E6C7B5574961}"
EndProject
Project("{9A19103F-16F7-4668-BE54-9A1E7A4F7556}") = "TestPlugin", "src\TestPlugin\TestPlugin.csproj", "{AD7A777A-E950-43C2-BDF2-2AEBE845E5F5}"
EndProject
Project("{9A19103F-16F7-4668-BE54-9A1E7A4F7556}") = "TerrariaHelper", "src\TerrariaHelper\TerrariaHelper.csproj", "{8697840A-AEF3-48F0-A788-5882E06CAD23}"
EndProject
Project("{2150E333-8FDC-42A3-9474-1A3956D46DE8}") = "VBY", "VBY", "{1E798B47-6CC7-43D9-88E0-1CFAA4F9393C}"
EndProject
Project("{9A19103F-16F7-4668-BE54-9A1E7A4F7556}") = "RealTime", "src\VBY\RealTime\RealTime.csproj", "{C9EE0971-F0C8-4014-82BD-750AF2A1635F}"
EndProject
Project("{9A19103F-16F7-4668-BE54-9A1E7A4F7556}") = "GameContentModify", "src\VBY\GameContentModify\GameContentModify.csproj", "{55C429A0-882A-415B-AD0F-69ABE67937B2}"
EndProject
Project("{9A19103F-16F7-4668-BE54-9A1E7A4F7556}") = "OtherCommand", "src\VBY\OtherCommand\OtherCommand.csproj", "{3D701677-B4D3-478A-9DE9-91238F989D61}"
EndProject
Project("{9A19103F-16F7-4668-BE54-9A1E7A4F7556}") = "ProjectileTest", "src\VBY\ProjectileTest\ProjectileTest.csproj", "{BD1F554F-B55C-49DC-AFDC-D75CBF914B54}"
EndProject
Project("{9A19103F-16F7-4668-BE54-9A1E7A4F7556}") = "NPCAI", "src\VBY\NPCAI\NPCAI.csproj", "{C102BA37-2C1C-4C8B-9810-53383E25339F}"
EndProject
Project("{9A19103F-16F7-4668-BE54-9A1E7A4F7556}") = "NPCTest", "src\VBY\NPCTest\NPCTest.csproj", "{0EB174E7-0CB2-47C5-8BDE-FC5B0D45C32E}"
EndProject
Project("{9A19103F-16F7-4668-BE54-9A1E7A4F7556}") = "PluginLoader", "src\VBY\PluginLoader\PluginLoader.csproj", "{E2DF7379-2F59-4FED-B7B1-BACB9F130566}"
EndProject
Project("{9A19103F-16F7-4668-BE54-9A1E7A4F7556}") = "EventFirstRecord", "src\VBY\EventFirstRecord\EventFirstRecord.csproj", "{E01007B1-CFFF-4073-86B7-1599ADE5B4EC}"
EndProject
Project("{9A19103F-16F7-4668-BE54-9A1E7A4F7556}") = "Game1", "src\Game1\Game1.csproj", "{14024DD8-9C80-4B40-9BA7-AAF041C89510}"
EndProject
Project("{9A19103F-16F7-4668-BE54-9A1E7A4F7556}") = "ProjectileAI", "src\VBY\ProjectileAI\ProjectileAI.csproj", "{AE77FEA2-E7DA-4FCD-B967-7417BABFCD77}"
EndProject
Project("{2150E333-8FDC-42A3-9474-1A3956D46DE8}") = "AI", "AI", "{69148CED-9904-44A5-A4DC-F0AC70A4ADBF}"
EndProject
Project("{9A19103F-16F7-4668-BE54-9A1E7A4F7556}") = "VirtualPlayer", "src\VBY\VirtualPlayer\VirtualPlayer.csproj", "{E39BD341-7C25-48CB-B812-4F756AD97B71}"
EndProject
Project("{9A19103F-16F7-4668-BE54-9A1E7A4F7556}") = "MoreSpawnPoint", "src\VBY\MoreSpawnPoint\MoreSpawnPoint.csproj", "{E94C8E0B-C186-4773-83A3-532200AEEABD}"
EndProject
Project("{9A19103F-16F7-4668-BE54-9A1E7A4F7556}") = "PluginLoaderAutoReload", "src\VBY\PluginLoaderAutoReload\PluginLoaderAutoReload.csproj", "{E9EDA6AB-2700-45A0-A24F-BC6127827EA3}"
EndProject
Project("{9A19103F-16F7-4668-BE54-9A1E7A4F7556}") = "DisableUnlockChest", "src\VBY\DisableUnlockChest\DisableUnlockChest.csproj", "{DCB3B888-4077-4FC3-889E-F690A77045C8}"
EndProject
Project("{9A19103F-16F7-4668-BE54-9A1E7A4F7556}") = "ShopGenerator", "src\ShopSourceGenerator\ShopGenerator.csproj", "{AF12D100-C14B-46CC-BCC2-B4A853B2F735}"
EndProject
Project("{9A19103F-16F7-4668-BE54-9A1E7A4F7556}") = "RandomDrop", "src\VBY\RandomDrop\RandomDrop.csproj", "{EC409EE6-4DA9-4422-A86B-3A20E439A0BD}"
EndProject
Project("{9A19103F-16F7-4668-BE54-9A1E7A4F7556}") = "SpawnRandomDrop", "src\VBY\SpawnRandomDrop\SpawnRandomDrop.csproj", "{F4F0960C-DABE-4501-AE6A-5A68CE10E8B3}"
EndProject
Project("{D954291E-2A0B-460D-934E-DC6B0785DB48}") = "CommonShared", "src\VBY\CommonShared\CommonShared.shproj", "{E5DF21D2-860E-4BA0-879F-68127DC52AAA}"
EndProject
Project("{9A19103F-16F7-4668-BE54-9A1E7A4F7556}") = "TimedUnlockProgress", "src\VBY\TimedUnlockProgress\TimedUnlockProgress.csproj", "{6DAED417-DDC8-4F73-95B5-33D8FF62DF37}"
EndProject
Project("{9A19103F-16F7-4668-BE54-9A1E7A4F7556}") = "MapTeleport", "src\VBY\MapTeleport\MapTeleport.csproj", "{B7B5859F-2DE8-4B22-B64F-340BC8173755}"
EndProject
Project("{9A19103F-16F7-4668-BE54-9A1E7A4F7556}") = "RapidGrowth", "src\VBY\RapidGrowth\RapidGrowth.csproj", "{27DBC533-4DBE-4A49-A2E7-14271306CB53}"
EndProject
Project("{9A19103F-16F7-4668-BE54-9A1E7A4F7556}") = "LifeArmor", "src\LifeArmor\LifeArmor.csproj", "{CC09EDA3-9FE0-4597-9A08-DDFB5E8C422E}"
EndProject
Project("{9A19103F-16F7-4668-BE54-9A1E7A4F7556}") = "Testplugin2", "src\VBY\TestPlugin2\Testplugin2.csproj", "{797AA541-49CB-4161-B6FE-6CC519054D11}"
EndProject
Project("{9A19103F-16F7-4668-BE54-9A1E7A4F7556}") = "TerrariaPacket", "src\TerrariaPacket\TerrariaPacket.csproj", "{FA22FD34-D072-4694-98E2-4CF765287A27}"
EndProject
Project("{FAE04EC0-301F-11D3-BF4B-00C04F79EFBC}") = "TerrariaPacketGenerator", "src\TerrariaPacketGenerator\TerrariaPacketGenerator.csproj", "{58C42DEC-FD73-4103-88F9-751E573C167C}"
EndProject
Project("{9A19103F-16F7-4668-BE54-9A1E7A4F7556}") = "NpcLifeChange", "src\VBY\NPCLifeChange\NpcLifeChange.csproj", "{DE4E8E28-42DA-441C-A9BD-41D5EC25901D}"
EndProject
Project("{9A19103F-16F7-4668-BE54-9A1E7A4F7556}") = "GameContentModifyGenerator", "src\VBY\GameContentModifyGenerator\GameContentModifyGenerator.csproj", "{E96AB78A-8191-4D60-932E-6FC6FFD35BE8}"
EndProject
Project("{9A19103F-16F7-4668-BE54-9A1E7A4F7556}") = "TerrariaIDExtension", "src\TerrariaIDExtension\TerrariaIDExtension.csproj", "{96CF116E-5C61-44CD-9038-CCAA24E4050D}"
EndProject
Project("{9A19103F-16F7-4668-BE54-9A1E7A4F7556}") = "GameContentExtension", "src\VBY\GameContentExtension\GameContentExtension.csproj", "{63AB09E9-389A-43EF-8D7D-E740D8FF2368}"
EndProject
Global
	GlobalSection(SolutionConfigurationPlatforms) = preSolution
		Debug|Any CPU = Debug|Any CPU
		Debug|ARM32 = Debug|ARM32
		Debug|ARM64 = Debug|ARM64
		Debug|x64 = Debug|x64
		Debug|x86 = Debug|x86
		Release|Any CPU = Release|Any CPU
		Release|ARM32 = Release|ARM32
		Release|ARM64 = Release|ARM64
		Release|x64 = Release|x64
		Release|x86 = Release|x86
	EndGlobalSection
	GlobalSection(ProjectConfigurationPlatforms) = postSolution
		{34B9CB24-499E-46D9-A79D-015F4123ECDA}.Debug|Any CPU.ActiveCfg = Debug|Any CPU
		{34B9CB24-499E-46D9-A79D-015F4123ECDA}.Debug|Any CPU.Build.0 = Debug|Any CPU
		{34B9CB24-499E-46D9-A79D-015F4123ECDA}.Debug|ARM32.ActiveCfg = Debug|Any CPU
		{34B9CB24-499E-46D9-A79D-015F4123ECDA}.Debug|ARM64.ActiveCfg = Debug|Any CPU
		{34B9CB24-499E-46D9-A79D-015F4123ECDA}.Debug|x64.ActiveCfg = Debug|x64
		{34B9CB24-499E-46D9-A79D-015F4123ECDA}.Debug|x64.Build.0 = Debug|x64
		{34B9CB24-499E-46D9-A79D-015F4123ECDA}.Debug|x86.ActiveCfg = Debug|Any CPU
		{34B9CB24-499E-46D9-A79D-015F4123ECDA}.Debug|x86.Build.0 = Debug|Any CPU
		{34B9CB24-499E-46D9-A79D-015F4123ECDA}.Release|Any CPU.ActiveCfg = Release|Any CPU
		{34B9CB24-499E-46D9-A79D-015F4123ECDA}.Release|Any CPU.Build.0 = Release|Any CPU
		{34B9CB24-499E-46D9-A79D-015F4123ECDA}.Release|ARM32.ActiveCfg = Release|Any CPU
		{34B9CB24-499E-46D9-A79D-015F4123ECDA}.Release|ARM64.ActiveCfg = Release|Any CPU
		{34B9CB24-499E-46D9-A79D-015F4123ECDA}.Release|x64.ActiveCfg = Release|x64
		{34B9CB24-499E-46D9-A79D-015F4123ECDA}.Release|x64.Build.0 = Release|x64
		{34B9CB24-499E-46D9-A79D-015F4123ECDA}.Release|x86.ActiveCfg = Release|Any CPU
		{34B9CB24-499E-46D9-A79D-015F4123ECDA}.Release|x86.Build.0 = Release|Any CPU
		{1CF12EAF-1330-4E75-8BC0-2CDBD5EE27FC}.Debug|Any CPU.ActiveCfg = Debug|Any CPU
		{1CF12EAF-1330-4E75-8BC0-2CDBD5EE27FC}.Debug|Any CPU.Build.0 = Debug|Any CPU
		{1CF12EAF-1330-4E75-8BC0-2CDBD5EE27FC}.Debug|ARM32.ActiveCfg = Debug|Any CPU
		{1CF12EAF-1330-4E75-8BC0-2CDBD5EE27FC}.Debug|ARM64.ActiveCfg = Debug|Any CPU
		{1CF12EAF-1330-4E75-8BC0-2CDBD5EE27FC}.Debug|x64.ActiveCfg = Debug|x64
		{1CF12EAF-1330-4E75-8BC0-2CDBD5EE27FC}.Debug|x64.Build.0 = Debug|x64
		{1CF12EAF-1330-4E75-8BC0-2CDBD5EE27FC}.Debug|x86.ActiveCfg = Debug|Any CPU
		{1CF12EAF-1330-4E75-8BC0-2CDBD5EE27FC}.Debug|x86.Build.0 = Debug|Any CPU
		{1CF12EAF-1330-4E75-8BC0-2CDBD5EE27FC}.Release|Any CPU.ActiveCfg = Release|Any CPU
		{1CF12EAF-1330-4E75-8BC0-2CDBD5EE27FC}.Release|Any CPU.Build.0 = Release|Any CPU
		{1CF12EAF-1330-4E75-8BC0-2CDBD5EE27FC}.Release|ARM32.ActiveCfg = Release|Any CPU
		{1CF12EAF-1330-4E75-8BC0-2CDBD5EE27FC}.Release|ARM64.ActiveCfg = Release|Any CPU
		{1CF12EAF-1330-4E75-8BC0-2CDBD5EE27FC}.Release|x64.ActiveCfg = Release|x64
		{1CF12EAF-1330-4E75-8BC0-2CDBD5EE27FC}.Release|x64.Build.0 = Release|x64
		{1CF12EAF-1330-4E75-8BC0-2CDBD5EE27FC}.Release|x86.ActiveCfg = Release|Any CPU
		{1CF12EAF-1330-4E75-8BC0-2CDBD5EE27FC}.Release|x86.Build.0 = Release|Any CPU
		{D7B9B8BF-456E-400A-80B4-86377CCF7EAF}.Debug|Any CPU.ActiveCfg = Debug|Any CPU
		{D7B9B8BF-456E-400A-80B4-86377CCF7EAF}.Debug|Any CPU.Build.0 = Debug|Any CPU
		{D7B9B8BF-456E-400A-80B4-86377CCF7EAF}.Debug|ARM32.ActiveCfg = Debug|Any CPU
		{D7B9B8BF-456E-400A-80B4-86377CCF7EAF}.Debug|ARM32.Build.0 = Debug|Any CPU
		{D7B9B8BF-456E-400A-80B4-86377CCF7EAF}.Debug|ARM64.ActiveCfg = Debug|Any CPU
		{D7B9B8BF-456E-400A-80B4-86377CCF7EAF}.Debug|ARM64.Build.0 = Debug|Any CPU
		{D7B9B8BF-456E-400A-80B4-86377CCF7EAF}.Debug|x64.ActiveCfg = Debug|x64
		{D7B9B8BF-456E-400A-80B4-86377CCF7EAF}.Debug|x64.Build.0 = Debug|x64
		{D7B9B8BF-456E-400A-80B4-86377CCF7EAF}.Debug|x86.ActiveCfg = Debug|Any CPU
		{D7B9B8BF-456E-400A-80B4-86377CCF7EAF}.Debug|x86.Build.0 = Debug|Any CPU
		{D7B9B8BF-456E-400A-80B4-86377CCF7EAF}.Release|Any CPU.ActiveCfg = Release|Any CPU
		{D7B9B8BF-456E-400A-80B4-86377CCF7EAF}.Release|Any CPU.Build.0 = Release|Any CPU
		{D7B9B8BF-456E-400A-80B4-86377CCF7EAF}.Release|ARM32.ActiveCfg = Release|Any CPU
		{D7B9B8BF-456E-400A-80B4-86377CCF7EAF}.Release|ARM32.Build.0 = Release|Any CPU
		{D7B9B8BF-456E-400A-80B4-86377CCF7EAF}.Release|ARM64.ActiveCfg = Release|Any CPU
		{D7B9B8BF-456E-400A-80B4-86377CCF7EAF}.Release|ARM64.Build.0 = Release|Any CPU
		{D7B9B8BF-456E-400A-80B4-86377CCF7EAF}.Release|x64.ActiveCfg = Release|x64
		{D7B9B8BF-456E-400A-80B4-86377CCF7EAF}.Release|x64.Build.0 = Release|x64
		{D7B9B8BF-456E-400A-80B4-86377CCF7EAF}.Release|x86.ActiveCfg = Release|Any CPU
		{D7B9B8BF-456E-400A-80B4-86377CCF7EAF}.Release|x86.Build.0 = Release|Any CPU
		{1AA97F0E-45DD-406D-BA4D-6AE08D8247B5}.Debug|Any CPU.ActiveCfg = Debug|Any CPU
		{1AA97F0E-45DD-406D-BA4D-6AE08D8247B5}.Debug|Any CPU.Build.0 = Debug|Any CPU
		{1AA97F0E-45DD-406D-BA4D-6AE08D8247B5}.Debug|ARM32.ActiveCfg = Debug|Any CPU
		{1AA97F0E-45DD-406D-BA4D-6AE08D8247B5}.Debug|ARM64.ActiveCfg = Debug|Any CPU
		{1AA97F0E-45DD-406D-BA4D-6AE08D8247B5}.Debug|x64.ActiveCfg = Debug|x64
		{1AA97F0E-45DD-406D-BA4D-6AE08D8247B5}.Debug|x64.Build.0 = Debug|x64
		{1AA97F0E-45DD-406D-BA4D-6AE08D8247B5}.Debug|x86.ActiveCfg = Debug|Any CPU
		{1AA97F0E-45DD-406D-BA4D-6AE08D8247B5}.Debug|x86.Build.0 = Debug|Any CPU
		{1AA97F0E-45DD-406D-BA4D-6AE08D8247B5}.Release|Any CPU.ActiveCfg = Release|Any CPU
		{1AA97F0E-45DD-406D-BA4D-6AE08D8247B5}.Release|Any CPU.Build.0 = Release|Any CPU
		{1AA97F0E-45DD-406D-BA4D-6AE08D8247B5}.Release|ARM32.ActiveCfg = Release|Any CPU
		{1AA97F0E-45DD-406D-BA4D-6AE08D8247B5}.Release|ARM64.ActiveCfg = Release|Any CPU
		{1AA97F0E-45DD-406D-BA4D-6AE08D8247B5}.Release|x64.ActiveCfg = Release|x64
		{1AA97F0E-45DD-406D-BA4D-6AE08D8247B5}.Release|x64.Build.0 = Release|x64
		{1AA97F0E-45DD-406D-BA4D-6AE08D8247B5}.Release|x86.ActiveCfg = Release|Any CPU
		{1AA97F0E-45DD-406D-BA4D-6AE08D8247B5}.Release|x86.Build.0 = Release|Any CPU
		{620A1701-83FF-4ADF-A06A-620A2614459D}.Debug|Any CPU.ActiveCfg = Debug|Any CPU
		{620A1701-83FF-4ADF-A06A-620A2614459D}.Debug|Any CPU.Build.0 = Debug|Any CPU
		{620A1701-83FF-4ADF-A06A-620A2614459D}.Debug|ARM32.ActiveCfg = Debug|ARM32
		{620A1701-83FF-4ADF-A06A-620A2614459D}.Debug|ARM32.Build.0 = Debug|ARM32
		{620A1701-83FF-4ADF-A06A-620A2614459D}.Debug|ARM64.ActiveCfg = Debug|ARM64
		{620A1701-83FF-4ADF-A06A-620A2614459D}.Debug|ARM64.Build.0 = Debug|ARM64
		{620A1701-83FF-4ADF-A06A-620A2614459D}.Debug|x64.ActiveCfg = Debug|x64
		{620A1701-83FF-4ADF-A06A-620A2614459D}.Debug|x64.Build.0 = Debug|x64
		{620A1701-83FF-4ADF-A06A-620A2614459D}.Debug|x86.ActiveCfg = Debug|Any CPU
		{620A1701-83FF-4ADF-A06A-620A2614459D}.Debug|x86.Build.0 = Debug|Any CPU
		{620A1701-83FF-4ADF-A06A-620A2614459D}.Release|Any CPU.ActiveCfg = Release|Any CPU
		{620A1701-83FF-4ADF-A06A-620A2614459D}.Release|Any CPU.Build.0 = Release|Any CPU
		{620A1701-83FF-4ADF-A06A-620A2614459D}.Release|ARM32.ActiveCfg = Release|ARM32
		{620A1701-83FF-4ADF-A06A-620A2614459D}.Release|ARM32.Build.0 = Release|ARM32
		{620A1701-83FF-4ADF-A06A-620A2614459D}.Release|ARM64.ActiveCfg = Release|ARM64
		{620A1701-83FF-4ADF-A06A-620A2614459D}.Release|ARM64.Build.0 = Release|ARM64
		{620A1701-83FF-4ADF-A06A-620A2614459D}.Release|x64.ActiveCfg = Release|x64
		{620A1701-83FF-4ADF-A06A-620A2614459D}.Release|x64.Build.0 = Release|x64
		{620A1701-83FF-4ADF-A06A-620A2614459D}.Release|x86.ActiveCfg = Release|Any CPU
		{620A1701-83FF-4ADF-A06A-620A2614459D}.Release|x86.Build.0 = Release|Any CPU
		{9BE484BF-CBDF-4264-967E-C9D3E9A98B79}.Debug|Any CPU.ActiveCfg = Debug|Any CPU
		{9BE484BF-CBDF-4264-967E-C9D3E9A98B79}.Debug|Any CPU.Build.0 = Debug|Any CPU
		{9BE484BF-CBDF-4264-967E-C9D3E9A98B79}.Debug|ARM32.ActiveCfg = Debug|Any CPU
		{9BE484BF-CBDF-4264-967E-C9D3E9A98B79}.Debug|ARM64.ActiveCfg = Debug|Any CPU
		{9BE484BF-CBDF-4264-967E-C9D3E9A98B79}.Debug|x64.ActiveCfg = Debug|x64
		{9BE484BF-CBDF-4264-967E-C9D3E9A98B79}.Debug|x64.Build.0 = Debug|x64
		{9BE484BF-CBDF-4264-967E-C9D3E9A98B79}.Debug|x86.ActiveCfg = Debug|Any CPU
		{9BE484BF-CBDF-4264-967E-C9D3E9A98B79}.Debug|x86.Build.0 = Debug|Any CPU
		{9BE484BF-CBDF-4264-967E-C9D3E9A98B79}.Release|Any CPU.ActiveCfg = Release|Any CPU
		{9BE484BF-CBDF-4264-967E-C9D3E9A98B79}.Release|Any CPU.Build.0 = Release|Any CPU
		{9BE484BF-CBDF-4264-967E-C9D3E9A98B79}.Release|ARM32.ActiveCfg = Release|Any CPU
		{9BE484BF-CBDF-4264-967E-C9D3E9A98B79}.Release|ARM64.ActiveCfg = Release|Any CPU
		{9BE484BF-CBDF-4264-967E-C9D3E9A98B79}.Release|x64.ActiveCfg = Release|x64
		{9BE484BF-CBDF-4264-967E-C9D3E9A98B79}.Release|x64.Build.0 = Release|x64
		{9BE484BF-CBDF-4264-967E-C9D3E9A98B79}.Release|x86.ActiveCfg = Release|Any CPU
		{9BE484BF-CBDF-4264-967E-C9D3E9A98B79}.Release|x86.Build.0 = Release|Any CPU
		{247A647A-BD10-4F9D-BF95-E6C7B5574961}.Debug|Any CPU.ActiveCfg = Debug|Any CPU
		{247A647A-BD10-4F9D-BF95-E6C7B5574961}.Debug|Any CPU.Build.0 = Debug|Any CPU
		{247A647A-BD10-4F9D-BF95-E6C7B5574961}.Debug|ARM32.ActiveCfg = Debug|Any CPU
		{247A647A-BD10-4F9D-BF95-E6C7B5574961}.Debug|ARM64.ActiveCfg = Debug|Any CPU
		{247A647A-BD10-4F9D-BF95-E6C7B5574961}.Debug|x64.ActiveCfg = Debug|x64
		{247A647A-BD10-4F9D-BF95-E6C7B5574961}.Debug|x64.Build.0 = Debug|x64
		{247A647A-BD10-4F9D-BF95-E6C7B5574961}.Debug|x86.ActiveCfg = Debug|Any CPU
		{247A647A-BD10-4F9D-BF95-E6C7B5574961}.Debug|x86.Build.0 = Debug|Any CPU
		{247A647A-BD10-4F9D-BF95-E6C7B5574961}.Release|Any CPU.ActiveCfg = Release|Any CPU
		{247A647A-BD10-4F9D-BF95-E6C7B5574961}.Release|Any CPU.Build.0 = Release|Any CPU
		{247A647A-BD10-4F9D-BF95-E6C7B5574961}.Release|ARM32.ActiveCfg = Release|Any CPU
		{247A647A-BD10-4F9D-BF95-E6C7B5574961}.Release|ARM64.ActiveCfg = Release|Any CPU
		{247A647A-BD10-4F9D-BF95-E6C7B5574961}.Release|x64.ActiveCfg = Release|x64
		{247A647A-BD10-4F9D-BF95-E6C7B5574961}.Release|x64.Build.0 = Release|x64
		{247A647A-BD10-4F9D-BF95-E6C7B5574961}.Release|x86.ActiveCfg = Release|Any CPU
		{247A647A-BD10-4F9D-BF95-E6C7B5574961}.Release|x86.Build.0 = Release|Any CPU
		{AD7A777A-E950-43C2-BDF2-2AEBE845E5F5}.Debug|Any CPU.ActiveCfg = Debug|Any CPU
		{AD7A777A-E950-43C2-BDF2-2AEBE845E5F5}.Debug|Any CPU.Build.0 = Debug|Any CPU
		{AD7A777A-E950-43C2-BDF2-2AEBE845E5F5}.Debug|ARM32.ActiveCfg = Debug|Any CPU
		{AD7A777A-E950-43C2-BDF2-2AEBE845E5F5}.Debug|ARM64.ActiveCfg = Debug|Any CPU
		{AD7A777A-E950-43C2-BDF2-2AEBE845E5F5}.Debug|x64.ActiveCfg = Debug|x64
		{AD7A777A-E950-43C2-BDF2-2AEBE845E5F5}.Debug|x64.Build.0 = Debug|x64
		{AD7A777A-E950-43C2-BDF2-2AEBE845E5F5}.Debug|x86.ActiveCfg = Debug|Any CPU
		{AD7A777A-E950-43C2-BDF2-2AEBE845E5F5}.Debug|x86.Build.0 = Debug|Any CPU
		{AD7A777A-E950-43C2-BDF2-2AEBE845E5F5}.Release|Any CPU.ActiveCfg = Release|Any CPU
		{AD7A777A-E950-43C2-BDF2-2AEBE845E5F5}.Release|Any CPU.Build.0 = Release|Any CPU
		{AD7A777A-E950-43C2-BDF2-2AEBE845E5F5}.Release|ARM32.ActiveCfg = Release|Any CPU
		{AD7A777A-E950-43C2-BDF2-2AEBE845E5F5}.Release|ARM64.ActiveCfg = Release|Any CPU
		{AD7A777A-E950-43C2-BDF2-2AEBE845E5F5}.Release|x64.ActiveCfg = Release|Any CPU
		{AD7A777A-E950-43C2-BDF2-2AEBE845E5F5}.Release|x64.Build.0 = Release|Any CPU
		{AD7A777A-E950-43C2-BDF2-2AEBE845E5F5}.Release|x86.ActiveCfg = Release|Any CPU
		{AD7A777A-E950-43C2-BDF2-2AEBE845E5F5}.Release|x86.Build.0 = Release|Any CPU
		{8697840A-AEF3-48F0-A788-5882E06CAD23}.Debug|Any CPU.ActiveCfg = Debug|Any CPU
		{8697840A-AEF3-48F0-A788-5882E06CAD23}.Debug|Any CPU.Build.0 = Debug|Any CPU
		{8697840A-AEF3-48F0-A788-5882E06CAD23}.Debug|ARM32.ActiveCfg = Debug|Any CPU
		{8697840A-AEF3-48F0-A788-5882E06CAD23}.Debug|ARM64.ActiveCfg = Debug|Any CPU
		{8697840A-AEF3-48F0-A788-5882E06CAD23}.Debug|x64.ActiveCfg = Debug|x64
		{8697840A-AEF3-48F0-A788-5882E06CAD23}.Debug|x64.Build.0 = Debug|x64
		{8697840A-AEF3-48F0-A788-5882E06CAD23}.Debug|x86.ActiveCfg = Debug|Any CPU
		{8697840A-AEF3-48F0-A788-5882E06CAD23}.Debug|x86.Build.0 = Debug|Any CPU
		{8697840A-AEF3-48F0-A788-5882E06CAD23}.Release|Any CPU.ActiveCfg = Release|Any CPU
		{8697840A-AEF3-48F0-A788-5882E06CAD23}.Release|Any CPU.Build.0 = Release|Any CPU
		{8697840A-AEF3-48F0-A788-5882E06CAD23}.Release|ARM32.ActiveCfg = Release|Any CPU
		{8697840A-AEF3-48F0-A788-5882E06CAD23}.Release|ARM64.ActiveCfg = Release|Any CPU
		{8697840A-AEF3-48F0-A788-5882E06CAD23}.Release|x64.ActiveCfg = Release|Any CPU
		{8697840A-AEF3-48F0-A788-5882E06CAD23}.Release|x64.Build.0 = Release|Any CPU
		{8697840A-AEF3-48F0-A788-5882E06CAD23}.Release|x86.ActiveCfg = Release|Any CPU
		{8697840A-AEF3-48F0-A788-5882E06CAD23}.Release|x86.Build.0 = Release|Any CPU
		{C9EE0971-F0C8-4014-82BD-750AF2A1635F}.Debug|Any CPU.ActiveCfg = Debug|Any CPU
		{C9EE0971-F0C8-4014-82BD-750AF2A1635F}.Debug|Any CPU.Build.0 = Debug|Any CPU
		{C9EE0971-F0C8-4014-82BD-750AF2A1635F}.Debug|ARM32.ActiveCfg = Debug|Any CPU
		{C9EE0971-F0C8-4014-82BD-750AF2A1635F}.Debug|ARM64.ActiveCfg = Debug|Any CPU
		{C9EE0971-F0C8-4014-82BD-750AF2A1635F}.Debug|x64.ActiveCfg = Debug|x64
		{C9EE0971-F0C8-4014-82BD-750AF2A1635F}.Debug|x64.Build.0 = Debug|x64
		{C9EE0971-F0C8-4014-82BD-750AF2A1635F}.Debug|x86.ActiveCfg = Debug|Any CPU
		{C9EE0971-F0C8-4014-82BD-750AF2A1635F}.Debug|x86.Build.0 = Debug|Any CPU
		{C9EE0971-F0C8-4014-82BD-750AF2A1635F}.Release|Any CPU.ActiveCfg = Release|Any CPU
		{C9EE0971-F0C8-4014-82BD-750AF2A1635F}.Release|Any CPU.Build.0 = Release|Any CPU
		{C9EE0971-F0C8-4014-82BD-750AF2A1635F}.Release|ARM32.ActiveCfg = Release|Any CPU
		{C9EE0971-F0C8-4014-82BD-750AF2A1635F}.Release|ARM64.ActiveCfg = Release|Any CPU
		{C9EE0971-F0C8-4014-82BD-750AF2A1635F}.Release|x64.ActiveCfg = Release|x64
		{C9EE0971-F0C8-4014-82BD-750AF2A1635F}.Release|x64.Build.0 = Release|x64
		{C9EE0971-F0C8-4014-82BD-750AF2A1635F}.Release|x86.ActiveCfg = Release|Any CPU
		{C9EE0971-F0C8-4014-82BD-750AF2A1635F}.Release|x86.Build.0 = Release|Any CPU
		{55C429A0-882A-415B-AD0F-69ABE67937B2}.Debug|Any CPU.ActiveCfg = Debug|Any CPU
		{55C429A0-882A-415B-AD0F-69ABE67937B2}.Debug|Any CPU.Build.0 = Debug|Any CPU
		{55C429A0-882A-415B-AD0F-69ABE67937B2}.Debug|ARM32.ActiveCfg = Debug|Any CPU
		{55C429A0-882A-415B-AD0F-69ABE67937B2}.Debug|ARM32.Build.0 = Debug|Any CPU
		{55C429A0-882A-415B-AD0F-69ABE67937B2}.Debug|ARM64.ActiveCfg = Debug|ARM64
		{55C429A0-882A-415B-AD0F-69ABE67937B2}.Debug|ARM64.Build.0 = Debug|ARM64
		{55C429A0-882A-415B-AD0F-69ABE67937B2}.Debug|x64.ActiveCfg = Debug|x64
		{55C429A0-882A-415B-AD0F-69ABE67937B2}.Debug|x64.Build.0 = Debug|x64
		{55C429A0-882A-415B-AD0F-69ABE67937B2}.Debug|x86.ActiveCfg = Debug|Any CPU
		{55C429A0-882A-415B-AD0F-69ABE67937B2}.Debug|x86.Build.0 = Debug|Any CPU
		{55C429A0-882A-415B-AD0F-69ABE67937B2}.Release|Any CPU.ActiveCfg = Release|Any CPU
		{55C429A0-882A-415B-AD0F-69ABE67937B2}.Release|Any CPU.Build.0 = Release|Any CPU
		{55C429A0-882A-415B-AD0F-69ABE67937B2}.Release|ARM32.ActiveCfg = Release|Any CPU
		{55C429A0-882A-415B-AD0F-69ABE67937B2}.Release|ARM32.Build.0 = Release|Any CPU
		{55C429A0-882A-415B-AD0F-69ABE67937B2}.Release|ARM64.ActiveCfg = Release|ARM64
		{55C429A0-882A-415B-AD0F-69ABE67937B2}.Release|ARM64.Build.0 = Release|ARM64
		{55C429A0-882A-415B-AD0F-69ABE67937B2}.Release|x64.ActiveCfg = Release|x64
		{55C429A0-882A-415B-AD0F-69ABE67937B2}.Release|x64.Build.0 = Release|x64
		{55C429A0-882A-415B-AD0F-69ABE67937B2}.Release|x86.ActiveCfg = Release|Any CPU
		{55C429A0-882A-415B-AD0F-69ABE67937B2}.Release|x86.Build.0 = Release|Any CPU
		{3D701677-B4D3-478A-9DE9-91238F989D61}.Debug|Any CPU.ActiveCfg = Debug|Any CPU
		{3D701677-B4D3-478A-9DE9-91238F989D61}.Debug|Any CPU.Build.0 = Debug|Any CPU
		{3D701677-B4D3-478A-9DE9-91238F989D61}.Debug|ARM32.ActiveCfg = Debug|Any CPU
		{3D701677-B4D3-478A-9DE9-91238F989D61}.Debug|ARM32.Build.0 = Debug|Any CPU
		{3D701677-B4D3-478A-9DE9-91238F989D61}.Debug|ARM64.ActiveCfg = Debug|Any CPU
		{3D701677-B4D3-478A-9DE9-91238F989D61}.Debug|ARM64.Build.0 = Debug|Any CPU
		{3D701677-B4D3-478A-9DE9-91238F989D61}.Debug|x64.ActiveCfg = Debug|x64
		{3D701677-B4D3-478A-9DE9-91238F989D61}.Debug|x64.Build.0 = Debug|x64
		{3D701677-B4D3-478A-9DE9-91238F989D61}.Debug|x86.ActiveCfg = Debug|Any CPU
		{3D701677-B4D3-478A-9DE9-91238F989D61}.Debug|x86.Build.0 = Debug|Any CPU
		{3D701677-B4D3-478A-9DE9-91238F989D61}.Release|Any CPU.ActiveCfg = Release|Any CPU
		{3D701677-B4D3-478A-9DE9-91238F989D61}.Release|Any CPU.Build.0 = Release|Any CPU
		{3D701677-B4D3-478A-9DE9-91238F989D61}.Release|ARM32.ActiveCfg = Release|Any CPU
		{3D701677-B4D3-478A-9DE9-91238F989D61}.Release|ARM32.Build.0 = Release|Any CPU
		{3D701677-B4D3-478A-9DE9-91238F989D61}.Release|ARM64.ActiveCfg = Release|Any CPU
		{3D701677-B4D3-478A-9DE9-91238F989D61}.Release|ARM64.Build.0 = Release|Any CPU
		{3D701677-B4D3-478A-9DE9-91238F989D61}.Release|x64.ActiveCfg = Release|x64
		{3D701677-B4D3-478A-9DE9-91238F989D61}.Release|x64.Build.0 = Release|x64
		{3D701677-B4D3-478A-9DE9-91238F989D61}.Release|x86.ActiveCfg = Release|Any CPU
		{3D701677-B4D3-478A-9DE9-91238F989D61}.Release|x86.Build.0 = Release|Any CPU
		{BD1F554F-B55C-49DC-AFDC-D75CBF914B54}.Debug|Any CPU.ActiveCfg = Debug|Any CPU
		{BD1F554F-B55C-49DC-AFDC-D75CBF914B54}.Debug|Any CPU.Build.0 = Debug|Any CPU
		{BD1F554F-B55C-49DC-AFDC-D75CBF914B54}.Debug|ARM32.ActiveCfg = Debug|Any CPU
		{BD1F554F-B55C-49DC-AFDC-D75CBF914B54}.Debug|ARM32.Build.0 = Debug|Any CPU
		{BD1F554F-B55C-49DC-AFDC-D75CBF914B54}.Debug|ARM64.ActiveCfg = Debug|Any CPU
		{BD1F554F-B55C-49DC-AFDC-D75CBF914B54}.Debug|ARM64.Build.0 = Debug|Any CPU
		{BD1F554F-B55C-49DC-AFDC-D75CBF914B54}.Debug|x64.ActiveCfg = Debug|x64
		{BD1F554F-B55C-49DC-AFDC-D75CBF914B54}.Debug|x64.Build.0 = Debug|x64
		{BD1F554F-B55C-49DC-AFDC-D75CBF914B54}.Debug|x86.ActiveCfg = Debug|Any CPU
		{BD1F554F-B55C-49DC-AFDC-D75CBF914B54}.Debug|x86.Build.0 = Debug|Any CPU
		{BD1F554F-B55C-49DC-AFDC-D75CBF914B54}.Release|Any CPU.ActiveCfg = Release|Any CPU
		{BD1F554F-B55C-49DC-AFDC-D75CBF914B54}.Release|Any CPU.Build.0 = Release|Any CPU
		{BD1F554F-B55C-49DC-AFDC-D75CBF914B54}.Release|ARM32.ActiveCfg = Release|Any CPU
		{BD1F554F-B55C-49DC-AFDC-D75CBF914B54}.Release|ARM32.Build.0 = Release|Any CPU
		{BD1F554F-B55C-49DC-AFDC-D75CBF914B54}.Release|ARM64.ActiveCfg = Release|Any CPU
		{BD1F554F-B55C-49DC-AFDC-D75CBF914B54}.Release|ARM64.Build.0 = Release|Any CPU
		{BD1F554F-B55C-49DC-AFDC-D75CBF914B54}.Release|x64.ActiveCfg = Release|x64
		{BD1F554F-B55C-49DC-AFDC-D75CBF914B54}.Release|x64.Build.0 = Release|x64
		{BD1F554F-B55C-49DC-AFDC-D75CBF914B54}.Release|x86.ActiveCfg = Release|Any CPU
		{BD1F554F-B55C-49DC-AFDC-D75CBF914B54}.Release|x86.Build.0 = Release|Any CPU
		{C102BA37-2C1C-4C8B-9810-53383E25339F}.Debug|Any CPU.ActiveCfg = Debug|Any CPU
		{C102BA37-2C1C-4C8B-9810-53383E25339F}.Debug|Any CPU.Build.0 = Debug|Any CPU
		{C102BA37-2C1C-4C8B-9810-53383E25339F}.Debug|ARM32.ActiveCfg = Debug|Any CPU
		{C102BA37-2C1C-4C8B-9810-53383E25339F}.Debug|ARM32.Build.0 = Debug|Any CPU
		{C102BA37-2C1C-4C8B-9810-53383E25339F}.Debug|ARM64.ActiveCfg = Debug|Any CPU
		{C102BA37-2C1C-4C8B-9810-53383E25339F}.Debug|ARM64.Build.0 = Debug|Any CPU
		{C102BA37-2C1C-4C8B-9810-53383E25339F}.Debug|x64.ActiveCfg = Debug|x64
		{C102BA37-2C1C-4C8B-9810-53383E25339F}.Debug|x64.Build.0 = Debug|x64
		{C102BA37-2C1C-4C8B-9810-53383E25339F}.Debug|x86.ActiveCfg = Debug|Any CPU
		{C102BA37-2C1C-4C8B-9810-53383E25339F}.Debug|x86.Build.0 = Debug|Any CPU
		{C102BA37-2C1C-4C8B-9810-53383E25339F}.Release|Any CPU.ActiveCfg = Release|Any CPU
		{C102BA37-2C1C-4C8B-9810-53383E25339F}.Release|Any CPU.Build.0 = Release|Any CPU
		{C102BA37-2C1C-4C8B-9810-53383E25339F}.Release|ARM32.ActiveCfg = Release|Any CPU
		{C102BA37-2C1C-4C8B-9810-53383E25339F}.Release|ARM32.Build.0 = Release|Any CPU
		{C102BA37-2C1C-4C8B-9810-53383E25339F}.Release|ARM64.ActiveCfg = Release|Any CPU
		{C102BA37-2C1C-4C8B-9810-53383E25339F}.Release|ARM64.Build.0 = Release|Any CPU
		{C102BA37-2C1C-4C8B-9810-53383E25339F}.Release|x64.ActiveCfg = Release|x64
		{C102BA37-2C1C-4C8B-9810-53383E25339F}.Release|x64.Build.0 = Release|x64
		{C102BA37-2C1C-4C8B-9810-53383E25339F}.Release|x86.ActiveCfg = Release|Any CPU
		{C102BA37-2C1C-4C8B-9810-53383E25339F}.Release|x86.Build.0 = Release|Any CPU
		{0EB174E7-0CB2-47C5-8BDE-FC5B0D45C32E}.Debug|Any CPU.ActiveCfg = Debug|Any CPU
		{0EB174E7-0CB2-47C5-8BDE-FC5B0D45C32E}.Debug|Any CPU.Build.0 = Debug|Any CPU
		{0EB174E7-0CB2-47C5-8BDE-FC5B0D45C32E}.Debug|ARM32.ActiveCfg = Debug|Any CPU
		{0EB174E7-0CB2-47C5-8BDE-FC5B0D45C32E}.Debug|ARM32.Build.0 = Debug|Any CPU
		{0EB174E7-0CB2-47C5-8BDE-FC5B0D45C32E}.Debug|ARM64.ActiveCfg = Debug|Any CPU
		{0EB174E7-0CB2-47C5-8BDE-FC5B0D45C32E}.Debug|ARM64.Build.0 = Debug|Any CPU
		{0EB174E7-0CB2-47C5-8BDE-FC5B0D45C32E}.Debug|x64.ActiveCfg = Debug|x64
		{0EB174E7-0CB2-47C5-8BDE-FC5B0D45C32E}.Debug|x64.Build.0 = Debug|x64
		{0EB174E7-0CB2-47C5-8BDE-FC5B0D45C32E}.Debug|x86.ActiveCfg = Debug|Any CPU
		{0EB174E7-0CB2-47C5-8BDE-FC5B0D45C32E}.Debug|x86.Build.0 = Debug|Any CPU
		{0EB174E7-0CB2-47C5-8BDE-FC5B0D45C32E}.Release|Any CPU.ActiveCfg = Release|Any CPU
		{0EB174E7-0CB2-47C5-8BDE-FC5B0D45C32E}.Release|Any CPU.Build.0 = Release|Any CPU
		{0EB174E7-0CB2-47C5-8BDE-FC5B0D45C32E}.Release|ARM32.ActiveCfg = Release|Any CPU
		{0EB174E7-0CB2-47C5-8BDE-FC5B0D45C32E}.Release|ARM32.Build.0 = Release|Any CPU
		{0EB174E7-0CB2-47C5-8BDE-FC5B0D45C32E}.Release|ARM64.ActiveCfg = Release|Any CPU
		{0EB174E7-0CB2-47C5-8BDE-FC5B0D45C32E}.Release|ARM64.Build.0 = Release|Any CPU
		{0EB174E7-0CB2-47C5-8BDE-FC5B0D45C32E}.Release|x64.ActiveCfg = Release|x64
		{0EB174E7-0CB2-47C5-8BDE-FC5B0D45C32E}.Release|x64.Build.0 = Release|x64
		{0EB174E7-0CB2-47C5-8BDE-FC5B0D45C32E}.Release|x86.ActiveCfg = Release|Any CPU
		{0EB174E7-0CB2-47C5-8BDE-FC5B0D45C32E}.Release|x86.Build.0 = Release|Any CPU
		{E2DF7379-2F59-4FED-B7B1-BACB9F130566}.Debug|Any CPU.ActiveCfg = Debug|Any CPU
		{E2DF7379-2F59-4FED-B7B1-BACB9F130566}.Debug|Any CPU.Build.0 = Debug|Any CPU
		{E2DF7379-2F59-4FED-B7B1-BACB9F130566}.Debug|ARM32.ActiveCfg = Debug|Any CPU
		{E2DF7379-2F59-4FED-B7B1-BACB9F130566}.Debug|ARM32.Build.0 = Debug|Any CPU
		{E2DF7379-2F59-4FED-B7B1-BACB9F130566}.Debug|ARM64.ActiveCfg = Debug|Any CPU
		{E2DF7379-2F59-4FED-B7B1-BACB9F130566}.Debug|ARM64.Build.0 = Debug|Any CPU
		{E2DF7379-2F59-4FED-B7B1-BACB9F130566}.Debug|x64.ActiveCfg = Debug|x64
		{E2DF7379-2F59-4FED-B7B1-BACB9F130566}.Debug|x64.Build.0 = Debug|x64
		{E2DF7379-2F59-4FED-B7B1-BACB9F130566}.Debug|x86.ActiveCfg = Debug|Any CPU
		{E2DF7379-2F59-4FED-B7B1-BACB9F130566}.Debug|x86.Build.0 = Debug|Any CPU
		{E2DF7379-2F59-4FED-B7B1-BACB9F130566}.Release|Any CPU.ActiveCfg = Release|Any CPU
		{E2DF7379-2F59-4FED-B7B1-BACB9F130566}.Release|Any CPU.Build.0 = Release|Any CPU
		{E2DF7379-2F59-4FED-B7B1-BACB9F130566}.Release|ARM32.ActiveCfg = Release|Any CPU
		{E2DF7379-2F59-4FED-B7B1-BACB9F130566}.Release|ARM32.Build.0 = Release|Any CPU
		{E2DF7379-2F59-4FED-B7B1-BACB9F130566}.Release|ARM64.ActiveCfg = Release|Any CPU
		{E2DF7379-2F59-4FED-B7B1-BACB9F130566}.Release|ARM64.Build.0 = Release|Any CPU
		{E2DF7379-2F59-4FED-B7B1-BACB9F130566}.Release|x64.ActiveCfg = Release|x64
		{E2DF7379-2F59-4FED-B7B1-BACB9F130566}.Release|x64.Build.0 = Release|x64
		{E2DF7379-2F59-4FED-B7B1-BACB9F130566}.Release|x86.ActiveCfg = Release|Any CPU
		{E2DF7379-2F59-4FED-B7B1-BACB9F130566}.Release|x86.Build.0 = Release|Any CPU
		{E01007B1-CFFF-4073-86B7-1599ADE5B4EC}.Debug|Any CPU.ActiveCfg = Debug|Any CPU
		{E01007B1-CFFF-4073-86B7-1599ADE5B4EC}.Debug|Any CPU.Build.0 = Debug|Any CPU
		{E01007B1-CFFF-4073-86B7-1599ADE5B4EC}.Debug|ARM32.ActiveCfg = Debug|Any CPU
		{E01007B1-CFFF-4073-86B7-1599ADE5B4EC}.Debug|ARM64.ActiveCfg = Debug|Any CPU
		{E01007B1-CFFF-4073-86B7-1599ADE5B4EC}.Debug|x64.ActiveCfg = Debug|x64
		{E01007B1-CFFF-4073-86B7-1599ADE5B4EC}.Debug|x64.Build.0 = Debug|x64
		{E01007B1-CFFF-4073-86B7-1599ADE5B4EC}.Debug|x86.ActiveCfg = Debug|Any CPU
		{E01007B1-CFFF-4073-86B7-1599ADE5B4EC}.Debug|x86.Build.0 = Debug|Any CPU
		{E01007B1-CFFF-4073-86B7-1599ADE5B4EC}.Release|Any CPU.ActiveCfg = Release|Any CPU
		{E01007B1-CFFF-4073-86B7-1599ADE5B4EC}.Release|Any CPU.Build.0 = Release|Any CPU
		{E01007B1-CFFF-4073-86B7-1599ADE5B4EC}.Release|ARM32.ActiveCfg = Release|Any CPU
		{E01007B1-CFFF-4073-86B7-1599ADE5B4EC}.Release|ARM64.ActiveCfg = Release|Any CPU
		{E01007B1-CFFF-4073-86B7-1599ADE5B4EC}.Release|x64.ActiveCfg = Release|x64
		{E01007B1-CFFF-4073-86B7-1599ADE5B4EC}.Release|x64.Build.0 = Release|x64
		{E01007B1-CFFF-4073-86B7-1599ADE5B4EC}.Release|x86.ActiveCfg = Release|Any CPU
		{E01007B1-CFFF-4073-86B7-1599ADE5B4EC}.Release|x86.Build.0 = Release|Any CPU
		{14024DD8-9C80-4B40-9BA7-AAF041C89510}.Debug|Any CPU.ActiveCfg = Debug|Any CPU
		{14024DD8-9C80-4B40-9BA7-AAF041C89510}.Debug|Any CPU.Build.0 = Debug|Any CPU
		{14024DD8-9C80-4B40-9BA7-AAF041C89510}.Debug|ARM32.ActiveCfg = Debug|Any CPU
		{14024DD8-9C80-4B40-9BA7-AAF041C89510}.Debug|ARM64.ActiveCfg = Debug|Any CPU
		{14024DD8-9C80-4B40-9BA7-AAF041C89510}.Debug|x64.ActiveCfg = Debug|x64
		{14024DD8-9C80-4B40-9BA7-AAF041C89510}.Debug|x64.Build.0 = Debug|x64
		{14024DD8-9C80-4B40-9BA7-AAF041C89510}.Debug|x86.ActiveCfg = Debug|Any CPU
		{14024DD8-9C80-4B40-9BA7-AAF041C89510}.Debug|x86.Build.0 = Debug|Any CPU
		{14024DD8-9C80-4B40-9BA7-AAF041C89510}.Release|Any CPU.ActiveCfg = Release|Any CPU
		{14024DD8-9C80-4B40-9BA7-AAF041C89510}.Release|Any CPU.Build.0 = Release|Any CPU
		{14024DD8-9C80-4B40-9BA7-AAF041C89510}.Release|ARM32.ActiveCfg = Release|Any CPU
		{14024DD8-9C80-4B40-9BA7-AAF041C89510}.Release|ARM64.ActiveCfg = Release|Any CPU
		{14024DD8-9C80-4B40-9BA7-AAF041C89510}.Release|x64.ActiveCfg = Release|x64
		{14024DD8-9C80-4B40-9BA7-AAF041C89510}.Release|x64.Build.0 = Release|x64
		{14024DD8-9C80-4B40-9BA7-AAF041C89510}.Release|x86.ActiveCfg = Release|Any CPU
		{14024DD8-9C80-4B40-9BA7-AAF041C89510}.Release|x86.Build.0 = Release|Any CPU
		{AE77FEA2-E7DA-4FCD-B967-7417BABFCD77}.Debug|Any CPU.ActiveCfg = Debug|Any CPU
		{AE77FEA2-E7DA-4FCD-B967-7417BABFCD77}.Debug|Any CPU.Build.0 = Debug|Any CPU
		{AE77FEA2-E7DA-4FCD-B967-7417BABFCD77}.Debug|ARM32.ActiveCfg = Debug|Any CPU
		{AE77FEA2-E7DA-4FCD-B967-7417BABFCD77}.Debug|ARM32.Build.0 = Debug|Any CPU
		{AE77FEA2-E7DA-4FCD-B967-7417BABFCD77}.Debug|ARM64.ActiveCfg = Debug|Any CPU
		{AE77FEA2-E7DA-4FCD-B967-7417BABFCD77}.Debug|ARM64.Build.0 = Debug|Any CPU
		{AE77FEA2-E7DA-4FCD-B967-7417BABFCD77}.Debug|x64.ActiveCfg = Debug|x64
		{AE77FEA2-E7DA-4FCD-B967-7417BABFCD77}.Debug|x64.Build.0 = Debug|x64
		{AE77FEA2-E7DA-4FCD-B967-7417BABFCD77}.Debug|x86.ActiveCfg = Debug|Any CPU
		{AE77FEA2-E7DA-4FCD-B967-7417BABFCD77}.Debug|x86.Build.0 = Debug|Any CPU
		{AE77FEA2-E7DA-4FCD-B967-7417BABFCD77}.Release|Any CPU.ActiveCfg = Release|Any CPU
		{AE77FEA2-E7DA-4FCD-B967-7417BABFCD77}.Release|Any CPU.Build.0 = Release|Any CPU
		{AE77FEA2-E7DA-4FCD-B967-7417BABFCD77}.Release|ARM32.ActiveCfg = Release|Any CPU
		{AE77FEA2-E7DA-4FCD-B967-7417BABFCD77}.Release|ARM32.Build.0 = Release|Any CPU
		{AE77FEA2-E7DA-4FCD-B967-7417BABFCD77}.Release|ARM64.ActiveCfg = Release|Any CPU
		{AE77FEA2-E7DA-4FCD-B967-7417BABFCD77}.Release|ARM64.Build.0 = Release|Any CPU
		{AE77FEA2-E7DA-4FCD-B967-7417BABFCD77}.Release|x64.ActiveCfg = Release|x64
		{AE77FEA2-E7DA-4FCD-B967-7417BABFCD77}.Release|x64.Build.0 = Release|x64
		{AE77FEA2-E7DA-4FCD-B967-7417BABFCD77}.Release|x86.ActiveCfg = Release|Any CPU
		{AE77FEA2-E7DA-4FCD-B967-7417BABFCD77}.Release|x86.Build.0 = Release|Any CPU
		{E39BD341-7C25-48CB-B812-4F756AD97B71}.Debug|Any CPU.ActiveCfg = Debug|Any CPU
		{E39BD341-7C25-48CB-B812-4F756AD97B71}.Debug|Any CPU.Build.0 = Debug|Any CPU
		{E39BD341-7C25-48CB-B812-4F756AD97B71}.Debug|ARM32.ActiveCfg = Debug|Any CPU
		{E39BD341-7C25-48CB-B812-4F756AD97B71}.Debug|ARM64.ActiveCfg = Debug|Any CPU
		{E39BD341-7C25-48CB-B812-4F756AD97B71}.Debug|x64.ActiveCfg = Debug|x64
		{E39BD341-7C25-48CB-B812-4F756AD97B71}.Debug|x64.Build.0 = Debug|x64
		{E39BD341-7C25-48CB-B812-4F756AD97B71}.Debug|x86.ActiveCfg = Debug|Any CPU
		{E39BD341-7C25-48CB-B812-4F756AD97B71}.Debug|x86.Build.0 = Debug|Any CPU
		{E39BD341-7C25-48CB-B812-4F756AD97B71}.Release|Any CPU.ActiveCfg = Release|Any CPU
		{E39BD341-7C25-48CB-B812-4F756AD97B71}.Release|Any CPU.Build.0 = Release|Any CPU
		{E39BD341-7C25-48CB-B812-4F756AD97B71}.Release|ARM32.ActiveCfg = Release|Any CPU
		{E39BD341-7C25-48CB-B812-4F756AD97B71}.Release|ARM64.ActiveCfg = Release|Any CPU
		{E39BD341-7C25-48CB-B812-4F756AD97B71}.Release|x64.ActiveCfg = Release|x64
		{E39BD341-7C25-48CB-B812-4F756AD97B71}.Release|x64.Build.0 = Release|x64
		{E39BD341-7C25-48CB-B812-4F756AD97B71}.Release|x86.ActiveCfg = Release|Any CPU
		{E39BD341-7C25-48CB-B812-4F756AD97B71}.Release|x86.Build.0 = Release|Any CPU
		{E94C8E0B-C186-4773-83A3-532200AEEABD}.Debug|Any CPU.ActiveCfg = Debug|Any CPU
		{E94C8E0B-C186-4773-83A3-532200AEEABD}.Debug|Any CPU.Build.0 = Debug|Any CPU
		{E94C8E0B-C186-4773-83A3-532200AEEABD}.Debug|ARM32.ActiveCfg = Debug|Any CPU
		{E94C8E0B-C186-4773-83A3-532200AEEABD}.Debug|ARM32.Build.0 = Debug|Any CPU
		{E94C8E0B-C186-4773-83A3-532200AEEABD}.Debug|ARM64.ActiveCfg = Debug|Any CPU
		{E94C8E0B-C186-4773-83A3-532200AEEABD}.Debug|ARM64.Build.0 = Debug|Any CPU
		{E94C8E0B-C186-4773-83A3-532200AEEABD}.Debug|x64.ActiveCfg = Debug|x64
		{E94C8E0B-C186-4773-83A3-532200AEEABD}.Debug|x64.Build.0 = Debug|x64
		{E94C8E0B-C186-4773-83A3-532200AEEABD}.Debug|x86.ActiveCfg = Debug|Any CPU
		{E94C8E0B-C186-4773-83A3-532200AEEABD}.Debug|x86.Build.0 = Debug|Any CPU
		{E94C8E0B-C186-4773-83A3-532200AEEABD}.Release|Any CPU.ActiveCfg = Release|Any CPU
		{E94C8E0B-C186-4773-83A3-532200AEEABD}.Release|Any CPU.Build.0 = Release|Any CPU
		{E94C8E0B-C186-4773-83A3-532200AEEABD}.Release|ARM32.ActiveCfg = Release|Any CPU
		{E94C8E0B-C186-4773-83A3-532200AEEABD}.Release|ARM32.Build.0 = Release|Any CPU
		{E94C8E0B-C186-4773-83A3-532200AEEABD}.Release|ARM64.ActiveCfg = Release|Any CPU
		{E94C8E0B-C186-4773-83A3-532200AEEABD}.Release|ARM64.Build.0 = Release|Any CPU
		{E94C8E0B-C186-4773-83A3-532200AEEABD}.Release|x64.ActiveCfg = Release|x64
		{E94C8E0B-C186-4773-83A3-532200AEEABD}.Release|x64.Build.0 = Release|x64
		{E94C8E0B-C186-4773-83A3-532200AEEABD}.Release|x86.ActiveCfg = Release|Any CPU
		{E94C8E0B-C186-4773-83A3-532200AEEABD}.Release|x86.Build.0 = Release|Any CPU
		{E9EDA6AB-2700-45A0-A24F-BC6127827EA3}.Debug|Any CPU.ActiveCfg = Debug|Any CPU
		{E9EDA6AB-2700-45A0-A24F-BC6127827EA3}.Debug|Any CPU.Build.0 = Debug|Any CPU
		{E9EDA6AB-2700-45A0-A24F-BC6127827EA3}.Debug|ARM32.ActiveCfg = Debug|Any CPU
		{E9EDA6AB-2700-45A0-A24F-BC6127827EA3}.Debug|ARM64.ActiveCfg = Debug|Any CPU
		{E9EDA6AB-2700-45A0-A24F-BC6127827EA3}.Debug|x64.ActiveCfg = Debug|x64
		{E9EDA6AB-2700-45A0-A24F-BC6127827EA3}.Debug|x64.Build.0 = Debug|x64
		{E9EDA6AB-2700-45A0-A24F-BC6127827EA3}.Debug|x86.ActiveCfg = Debug|Any CPU
		{E9EDA6AB-2700-45A0-A24F-BC6127827EA3}.Debug|x86.Build.0 = Debug|Any CPU
		{E9EDA6AB-2700-45A0-A24F-BC6127827EA3}.Release|Any CPU.ActiveCfg = Release|Any CPU
		{E9EDA6AB-2700-45A0-A24F-BC6127827EA3}.Release|Any CPU.Build.0 = Release|Any CPU
		{E9EDA6AB-2700-45A0-A24F-BC6127827EA3}.Release|ARM32.ActiveCfg = Release|Any CPU
		{E9EDA6AB-2700-45A0-A24F-BC6127827EA3}.Release|ARM64.ActiveCfg = Release|Any CPU
		{E9EDA6AB-2700-45A0-A24F-BC6127827EA3}.Release|x64.ActiveCfg = Release|x64
		{E9EDA6AB-2700-45A0-A24F-BC6127827EA3}.Release|x64.Build.0 = Release|x64
		{E9EDA6AB-2700-45A0-A24F-BC6127827EA3}.Release|x86.ActiveCfg = Release|Any CPU
		{E9EDA6AB-2700-45A0-A24F-BC6127827EA3}.Release|x86.Build.0 = Release|Any CPU
		{DCB3B888-4077-4FC3-889E-F690A77045C8}.Debug|Any CPU.ActiveCfg = Debug|Any CPU
		{DCB3B888-4077-4FC3-889E-F690A77045C8}.Debug|Any CPU.Build.0 = Debug|Any CPU
		{DCB3B888-4077-4FC3-889E-F690A77045C8}.Debug|ARM32.ActiveCfg = Debug|Any CPU
		{DCB3B888-4077-4FC3-889E-F690A77045C8}.Debug|ARM32.Build.0 = Debug|Any CPU
		{DCB3B888-4077-4FC3-889E-F690A77045C8}.Debug|ARM64.ActiveCfg = Debug|Any CPU
		{DCB3B888-4077-4FC3-889E-F690A77045C8}.Debug|ARM64.Build.0 = Debug|Any CPU
		{DCB3B888-4077-4FC3-889E-F690A77045C8}.Debug|x64.ActiveCfg = Debug|x64
		{DCB3B888-4077-4FC3-889E-F690A77045C8}.Debug|x64.Build.0 = Debug|x64
		{DCB3B888-4077-4FC3-889E-F690A77045C8}.Debug|x86.ActiveCfg = Debug|Any CPU
		{DCB3B888-4077-4FC3-889E-F690A77045C8}.Debug|x86.Build.0 = Debug|Any CPU
		{DCB3B888-4077-4FC3-889E-F690A77045C8}.Release|Any CPU.ActiveCfg = Release|Any CPU
		{DCB3B888-4077-4FC3-889E-F690A77045C8}.Release|Any CPU.Build.0 = Release|Any CPU
		{DCB3B888-4077-4FC3-889E-F690A77045C8}.Release|ARM32.ActiveCfg = Release|Any CPU
		{DCB3B888-4077-4FC3-889E-F690A77045C8}.Release|ARM32.Build.0 = Release|Any CPU
		{DCB3B888-4077-4FC3-889E-F690A77045C8}.Release|ARM64.ActiveCfg = Release|Any CPU
		{DCB3B888-4077-4FC3-889E-F690A77045C8}.Release|ARM64.Build.0 = Release|Any CPU
		{DCB3B888-4077-4FC3-889E-F690A77045C8}.Release|x64.ActiveCfg = Release|x64
		{DCB3B888-4077-4FC3-889E-F690A77045C8}.Release|x64.Build.0 = Release|x64
		{DCB3B888-4077-4FC3-889E-F690A77045C8}.Release|x86.ActiveCfg = Release|Any CPU
		{DCB3B888-4077-4FC3-889E-F690A77045C8}.Release|x86.Build.0 = Release|Any CPU
		{AF12D100-C14B-46CC-BCC2-B4A853B2F735}.Debug|Any CPU.ActiveCfg = Debug|Any CPU
		{AF12D100-C14B-46CC-BCC2-B4A853B2F735}.Debug|Any CPU.Build.0 = Debug|Any CPU
		{AF12D100-C14B-46CC-BCC2-B4A853B2F735}.Debug|ARM32.ActiveCfg = Debug|Any CPU
		{AF12D100-C14B-46CC-BCC2-B4A853B2F735}.Debug|ARM64.ActiveCfg = Debug|Any CPU
		{AF12D100-C14B-46CC-BCC2-B4A853B2F735}.Debug|x64.ActiveCfg = Debug|Any CPU
		{AF12D100-C14B-46CC-BCC2-B4A853B2F735}.Debug|x64.Build.0 = Debug|Any CPU
		{AF12D100-C14B-46CC-BCC2-B4A853B2F735}.Debug|x86.ActiveCfg = Debug|Any CPU
		{AF12D100-C14B-46CC-BCC2-B4A853B2F735}.Debug|x86.Build.0 = Debug|Any CPU
		{AF12D100-C14B-46CC-BCC2-B4A853B2F735}.Release|Any CPU.ActiveCfg = Release|Any CPU
		{AF12D100-C14B-46CC-BCC2-B4A853B2F735}.Release|Any CPU.Build.0 = Release|Any CPU
		{AF12D100-C14B-46CC-BCC2-B4A853B2F735}.Release|ARM32.ActiveCfg = Release|Any CPU
		{AF12D100-C14B-46CC-BCC2-B4A853B2F735}.Release|ARM64.ActiveCfg = Release|Any CPU
		{AF12D100-C14B-46CC-BCC2-B4A853B2F735}.Release|x64.ActiveCfg = Release|Any CPU
		{AF12D100-C14B-46CC-BCC2-B4A853B2F735}.Release|x64.Build.0 = Release|Any CPU
		{AF12D100-C14B-46CC-BCC2-B4A853B2F735}.Release|x86.ActiveCfg = Release|Any CPU
		{AF12D100-C14B-46CC-BCC2-B4A853B2F735}.Release|x86.Build.0 = Release|Any CPU
		{EC409EE6-4DA9-4422-A86B-3A20E439A0BD}.Debug|Any CPU.ActiveCfg = Debug|Any CPU
		{EC409EE6-4DA9-4422-A86B-3A20E439A0BD}.Debug|Any CPU.Build.0 = Debug|Any CPU
		{EC409EE6-4DA9-4422-A86B-3A20E439A0BD}.Debug|ARM32.ActiveCfg = Debug|Any CPU
		{EC409EE6-4DA9-4422-A86B-3A20E439A0BD}.Debug|ARM64.ActiveCfg = Debug|Any CPU
		{EC409EE6-4DA9-4422-A86B-3A20E439A0BD}.Debug|x64.ActiveCfg = Debug|x64
		{EC409EE6-4DA9-4422-A86B-3A20E439A0BD}.Debug|x64.Build.0 = Debug|x64
		{EC409EE6-4DA9-4422-A86B-3A20E439A0BD}.Debug|x86.ActiveCfg = Debug|Any CPU
		{EC409EE6-4DA9-4422-A86B-3A20E439A0BD}.Debug|x86.Build.0 = Debug|Any CPU
		{EC409EE6-4DA9-4422-A86B-3A20E439A0BD}.Release|Any CPU.ActiveCfg = Release|Any CPU
		{EC409EE6-4DA9-4422-A86B-3A20E439A0BD}.Release|Any CPU.Build.0 = Release|Any CPU
		{EC409EE6-4DA9-4422-A86B-3A20E439A0BD}.Release|ARM32.ActiveCfg = Release|Any CPU
		{EC409EE6-4DA9-4422-A86B-3A20E439A0BD}.Release|ARM64.ActiveCfg = Release|Any CPU
		{EC409EE6-4DA9-4422-A86B-3A20E439A0BD}.Release|x64.ActiveCfg = Release|x64
		{EC409EE6-4DA9-4422-A86B-3A20E439A0BD}.Release|x64.Build.0 = Release|x64
		{EC409EE6-4DA9-4422-A86B-3A20E439A0BD}.Release|x86.ActiveCfg = Release|Any CPU
		{EC409EE6-4DA9-4422-A86B-3A20E439A0BD}.Release|x86.Build.0 = Release|Any CPU
		{F4F0960C-DABE-4501-AE6A-5A68CE10E8B3}.Debug|Any CPU.ActiveCfg = Debug|Any CPU
		{F4F0960C-DABE-4501-AE6A-5A68CE10E8B3}.Debug|Any CPU.Build.0 = Debug|Any CPU
		{F4F0960C-DABE-4501-AE6A-5A68CE10E8B3}.Debug|ARM32.ActiveCfg = Debug|Any CPU
		{F4F0960C-DABE-4501-AE6A-5A68CE10E8B3}.Debug|ARM64.ActiveCfg = Debug|Any CPU
		{F4F0960C-DABE-4501-AE6A-5A68CE10E8B3}.Debug|x64.ActiveCfg = Debug|x64
		{F4F0960C-DABE-4501-AE6A-5A68CE10E8B3}.Debug|x64.Build.0 = Debug|x64
		{F4F0960C-DABE-4501-AE6A-5A68CE10E8B3}.Debug|x86.ActiveCfg = Debug|Any CPU
		{F4F0960C-DABE-4501-AE6A-5A68CE10E8B3}.Debug|x86.Build.0 = Debug|Any CPU
		{F4F0960C-DABE-4501-AE6A-5A68CE10E8B3}.Release|Any CPU.ActiveCfg = Release|Any CPU
		{F4F0960C-DABE-4501-AE6A-5A68CE10E8B3}.Release|Any CPU.Build.0 = Release|Any CPU
		{F4F0960C-DABE-4501-AE6A-5A68CE10E8B3}.Release|ARM32.ActiveCfg = Release|Any CPU
		{F4F0960C-DABE-4501-AE6A-5A68CE10E8B3}.Release|ARM64.ActiveCfg = Release|Any CPU
		{F4F0960C-DABE-4501-AE6A-5A68CE10E8B3}.Release|x64.ActiveCfg = Release|x64
		{F4F0960C-DABE-4501-AE6A-5A68CE10E8B3}.Release|x64.Build.0 = Release|x64
		{F4F0960C-DABE-4501-AE6A-5A68CE10E8B3}.Release|x86.ActiveCfg = Release|Any CPU
		{F4F0960C-DABE-4501-AE6A-5A68CE10E8B3}.Release|x86.Build.0 = Release|Any CPU
		{6DAED417-DDC8-4F73-95B5-33D8FF62DF37}.Debug|Any CPU.ActiveCfg = Debug|Any CPU
		{6DAED417-DDC8-4F73-95B5-33D8FF62DF37}.Debug|Any CPU.Build.0 = Debug|Any CPU
		{6DAED417-DDC8-4F73-95B5-33D8FF62DF37}.Debug|ARM32.ActiveCfg = Debug|Any CPU
		{6DAED417-DDC8-4F73-95B5-33D8FF62DF37}.Debug|ARM64.ActiveCfg = Debug|Any CPU
		{6DAED417-DDC8-4F73-95B5-33D8FF62DF37}.Debug|x64.ActiveCfg = Debug|x64
		{6DAED417-DDC8-4F73-95B5-33D8FF62DF37}.Debug|x64.Build.0 = Debug|x64
		{6DAED417-DDC8-4F73-95B5-33D8FF62DF37}.Debug|x86.ActiveCfg = Debug|Any CPU
		{6DAED417-DDC8-4F73-95B5-33D8FF62DF37}.Debug|x86.Build.0 = Debug|Any CPU
		{6DAED417-DDC8-4F73-95B5-33D8FF62DF37}.Release|Any CPU.ActiveCfg = Release|Any CPU
		{6DAED417-DDC8-4F73-95B5-33D8FF62DF37}.Release|Any CPU.Build.0 = Release|Any CPU
		{6DAED417-DDC8-4F73-95B5-33D8FF62DF37}.Release|ARM32.ActiveCfg = Release|Any CPU
		{6DAED417-DDC8-4F73-95B5-33D8FF62DF37}.Release|ARM64.ActiveCfg = Release|Any CPU
		{6DAED417-DDC8-4F73-95B5-33D8FF62DF37}.Release|x64.ActiveCfg = Release|x64
		{6DAED417-DDC8-4F73-95B5-33D8FF62DF37}.Release|x64.Build.0 = Release|x64
		{6DAED417-DDC8-4F73-95B5-33D8FF62DF37}.Release|x86.ActiveCfg = Release|Any CPU
		{6DAED417-DDC8-4F73-95B5-33D8FF62DF37}.Release|x86.Build.0 = Release|Any CPU
		{B7B5859F-2DE8-4B22-B64F-340BC8173755}.Debug|Any CPU.ActiveCfg = Debug|Any CPU
		{B7B5859F-2DE8-4B22-B64F-340BC8173755}.Debug|Any CPU.Build.0 = Debug|Any CPU
		{B7B5859F-2DE8-4B22-B64F-340BC8173755}.Debug|ARM32.ActiveCfg = Debug|Any CPU
		{B7B5859F-2DE8-4B22-B64F-340BC8173755}.Debug|ARM32.Build.0 = Debug|Any CPU
		{B7B5859F-2DE8-4B22-B64F-340BC8173755}.Debug|ARM64.ActiveCfg = Debug|Any CPU
		{B7B5859F-2DE8-4B22-B64F-340BC8173755}.Debug|ARM64.Build.0 = Debug|Any CPU
		{B7B5859F-2DE8-4B22-B64F-340BC8173755}.Debug|x64.ActiveCfg = Debug|x64
		{B7B5859F-2DE8-4B22-B64F-340BC8173755}.Debug|x64.Build.0 = Debug|x64
		{B7B5859F-2DE8-4B22-B64F-340BC8173755}.Debug|x86.ActiveCfg = Debug|Any CPU
		{B7B5859F-2DE8-4B22-B64F-340BC8173755}.Debug|x86.Build.0 = Debug|Any CPU
		{B7B5859F-2DE8-4B22-B64F-340BC8173755}.Release|Any CPU.ActiveCfg = Release|Any CPU
		{B7B5859F-2DE8-4B22-B64F-340BC8173755}.Release|Any CPU.Build.0 = Release|Any CPU
		{B7B5859F-2DE8-4B22-B64F-340BC8173755}.Release|ARM32.ActiveCfg = Release|Any CPU
		{B7B5859F-2DE8-4B22-B64F-340BC8173755}.Release|ARM32.Build.0 = Release|Any CPU
		{B7B5859F-2DE8-4B22-B64F-340BC8173755}.Release|ARM64.ActiveCfg = Release|Any CPU
		{B7B5859F-2DE8-4B22-B64F-340BC8173755}.Release|ARM64.Build.0 = Release|Any CPU
		{B7B5859F-2DE8-4B22-B64F-340BC8173755}.Release|x64.ActiveCfg = Release|x64
		{B7B5859F-2DE8-4B22-B64F-340BC8173755}.Release|x64.Build.0 = Release|x64
		{B7B5859F-2DE8-4B22-B64F-340BC8173755}.Release|x86.ActiveCfg = Release|Any CPU
		{B7B5859F-2DE8-4B22-B64F-340BC8173755}.Release|x86.Build.0 = Release|Any CPU
		{27DBC533-4DBE-4A49-A2E7-14271306CB53}.Debug|Any CPU.ActiveCfg = Debug|Any CPU
		{27DBC533-4DBE-4A49-A2E7-14271306CB53}.Debug|Any CPU.Build.0 = Debug|Any CPU
		{27DBC533-4DBE-4A49-A2E7-14271306CB53}.Debug|ARM32.ActiveCfg = Debug|Any CPU
		{27DBC533-4DBE-4A49-A2E7-14271306CB53}.Debug|ARM64.ActiveCfg = Debug|Any CPU
		{27DBC533-4DBE-4A49-A2E7-14271306CB53}.Debug|x64.ActiveCfg = Debug|x64
		{27DBC533-4DBE-4A49-A2E7-14271306CB53}.Debug|x64.Build.0 = Debug|x64
		{27DBC533-4DBE-4A49-A2E7-14271306CB53}.Debug|x86.ActiveCfg = Debug|Any CPU
		{27DBC533-4DBE-4A49-A2E7-14271306CB53}.Debug|x86.Build.0 = Debug|Any CPU
		{27DBC533-4DBE-4A49-A2E7-14271306CB53}.Release|Any CPU.ActiveCfg = Release|Any CPU
		{27DBC533-4DBE-4A49-A2E7-14271306CB53}.Release|Any CPU.Build.0 = Release|Any CPU
		{27DBC533-4DBE-4A49-A2E7-14271306CB53}.Release|ARM32.ActiveCfg = Release|Any CPU
		{27DBC533-4DBE-4A49-A2E7-14271306CB53}.Release|ARM64.ActiveCfg = Release|Any CPU
		{27DBC533-4DBE-4A49-A2E7-14271306CB53}.Release|x64.ActiveCfg = Release|x64
		{27DBC533-4DBE-4A49-A2E7-14271306CB53}.Release|x64.Build.0 = Release|x64
		{27DBC533-4DBE-4A49-A2E7-14271306CB53}.Release|x86.ActiveCfg = Release|Any CPU
		{27DBC533-4DBE-4A49-A2E7-14271306CB53}.Release|x86.Build.0 = Release|Any CPU
		{CC09EDA3-9FE0-4597-9A08-DDFB5E8C422E}.Debug|Any CPU.ActiveCfg = Debug|Any CPU
		{CC09EDA3-9FE0-4597-9A08-DDFB5E8C422E}.Debug|Any CPU.Build.0 = Debug|Any CPU
		{CC09EDA3-9FE0-4597-9A08-DDFB5E8C422E}.Debug|ARM32.ActiveCfg = Debug|Any CPU
		{CC09EDA3-9FE0-4597-9A08-DDFB5E8C422E}.Debug|ARM64.ActiveCfg = Debug|Any CPU
		{CC09EDA3-9FE0-4597-9A08-DDFB5E8C422E}.Debug|x64.ActiveCfg = Debug|Any CPU
		{CC09EDA3-9FE0-4597-9A08-DDFB5E8C422E}.Debug|x64.Build.0 = Debug|Any CPU
		{CC09EDA3-9FE0-4597-9A08-DDFB5E8C422E}.Debug|x86.ActiveCfg = Debug|Any CPU
		{CC09EDA3-9FE0-4597-9A08-DDFB5E8C422E}.Debug|x86.Build.0 = Debug|Any CPU
		{CC09EDA3-9FE0-4597-9A08-DDFB5E8C422E}.Release|Any CPU.ActiveCfg = Release|Any CPU
		{CC09EDA3-9FE0-4597-9A08-DDFB5E8C422E}.Release|Any CPU.Build.0 = Release|Any CPU
		{CC09EDA3-9FE0-4597-9A08-DDFB5E8C422E}.Release|ARM32.ActiveCfg = Release|Any CPU
		{CC09EDA3-9FE0-4597-9A08-DDFB5E8C422E}.Release|ARM64.ActiveCfg = Release|Any CPU
		{CC09EDA3-9FE0-4597-9A08-DDFB5E8C422E}.Release|x64.ActiveCfg = Release|Any CPU
		{CC09EDA3-9FE0-4597-9A08-DDFB5E8C422E}.Release|x64.Build.0 = Release|Any CPU
		{CC09EDA3-9FE0-4597-9A08-DDFB5E8C422E}.Release|x86.ActiveCfg = Release|Any CPU
		{CC09EDA3-9FE0-4597-9A08-DDFB5E8C422E}.Release|x86.Build.0 = Release|Any CPU
		{797AA541-49CB-4161-B6FE-6CC519054D11}.Debug|Any CPU.ActiveCfg = Debug|Any CPU
		{797AA541-49CB-4161-B6FE-6CC519054D11}.Debug|Any CPU.Build.0 = Debug|Any CPU
		{797AA541-49CB-4161-B6FE-6CC519054D11}.Debug|ARM32.ActiveCfg = Debug|Any CPU
		{797AA541-49CB-4161-B6FE-6CC519054D11}.Debug|ARM64.ActiveCfg = Debug|Any CPU
		{797AA541-49CB-4161-B6FE-6CC519054D11}.Debug|x64.ActiveCfg = Debug|Any CPU
		{797AA541-49CB-4161-B6FE-6CC519054D11}.Debug|x64.Build.0 = Debug|Any CPU
		{797AA541-49CB-4161-B6FE-6CC519054D11}.Debug|x86.ActiveCfg = Debug|Any CPU
		{797AA541-49CB-4161-B6FE-6CC519054D11}.Debug|x86.Build.0 = Debug|Any CPU
		{797AA541-49CB-4161-B6FE-6CC519054D11}.Release|Any CPU.ActiveCfg = Release|Any CPU
		{797AA541-49CB-4161-B6FE-6CC519054D11}.Release|Any CPU.Build.0 = Release|Any CPU
		{797AA541-49CB-4161-B6FE-6CC519054D11}.Release|ARM32.ActiveCfg = Release|Any CPU
		{797AA541-49CB-4161-B6FE-6CC519054D11}.Release|ARM64.ActiveCfg = Release|Any CPU
		{797AA541-49CB-4161-B6FE-6CC519054D11}.Release|x64.ActiveCfg = Release|Any CPU
		{797AA541-49CB-4161-B6FE-6CC519054D11}.Release|x64.Build.0 = Release|Any CPU
		{797AA541-49CB-4161-B6FE-6CC519054D11}.Release|x86.ActiveCfg = Release|Any CPU
		{797AA541-49CB-4161-B6FE-6CC519054D11}.Release|x86.Build.0 = Release|Any CPU
		{FA22FD34-D072-4694-98E2-4CF765287A27}.Debug|Any CPU.ActiveCfg = Debug|Any CPU
		{FA22FD34-D072-4694-98E2-4CF765287A27}.Debug|Any CPU.Build.0 = Debug|Any CPU
		{FA22FD34-D072-4694-98E2-4CF765287A27}.Debug|ARM32.ActiveCfg = Debug|Any CPU
		{FA22FD34-D072-4694-98E2-4CF765287A27}.Debug|ARM32.Build.0 = Debug|Any CPU
		{FA22FD34-D072-4694-98E2-4CF765287A27}.Debug|ARM64.ActiveCfg = Debug|Any CPU
		{FA22FD34-D072-4694-98E2-4CF765287A27}.Debug|ARM64.Build.0 = Debug|Any CPU
		{FA22FD34-D072-4694-98E2-4CF765287A27}.Debug|x64.ActiveCfg = Debug|Any CPU
		{FA22FD34-D072-4694-98E2-4CF765287A27}.Debug|x64.Build.0 = Debug|Any CPU
		{FA22FD34-D072-4694-98E2-4CF765287A27}.Debug|x86.ActiveCfg = Debug|Any CPU
		{FA22FD34-D072-4694-98E2-4CF765287A27}.Debug|x86.Build.0 = Debug|Any CPU
		{FA22FD34-D072-4694-98E2-4CF765287A27}.Release|Any CPU.ActiveCfg = Release|Any CPU
		{FA22FD34-D072-4694-98E2-4CF765287A27}.Release|Any CPU.Build.0 = Release|Any CPU
		{FA22FD34-D072-4694-98E2-4CF765287A27}.Release|ARM32.ActiveCfg = Release|Any CPU
		{FA22FD34-D072-4694-98E2-4CF765287A27}.Release|ARM32.Build.0 = Release|Any CPU
		{FA22FD34-D072-4694-98E2-4CF765287A27}.Release|ARM64.ActiveCfg = Release|Any CPU
		{FA22FD34-D072-4694-98E2-4CF765287A27}.Release|ARM64.Build.0 = Release|Any CPU
		{FA22FD34-D072-4694-98E2-4CF765287A27}.Release|x64.ActiveCfg = Release|Any CPU
		{FA22FD34-D072-4694-98E2-4CF765287A27}.Release|x64.Build.0 = Release|Any CPU
		{FA22FD34-D072-4694-98E2-4CF765287A27}.Release|x86.ActiveCfg = Release|Any CPU
		{FA22FD34-D072-4694-98E2-4CF765287A27}.Release|x86.Build.0 = Release|Any CPU
		{58C42DEC-FD73-4103-88F9-751E573C167C}.Debug|Any CPU.ActiveCfg = Debug|Any CPU
		{58C42DEC-FD73-4103-88F9-751E573C167C}.Debug|Any CPU.Build.0 = Debug|Any CPU
		{58C42DEC-FD73-4103-88F9-751E573C167C}.Debug|ARM32.ActiveCfg = Debug|Any CPU
		{58C42DEC-FD73-4103-88F9-751E573C167C}.Debug|ARM64.ActiveCfg = Debug|Any CPU
		{58C42DEC-FD73-4103-88F9-751E573C167C}.Debug|x64.ActiveCfg = Debug|Any CPU
		{58C42DEC-FD73-4103-88F9-751E573C167C}.Debug|x64.Build.0 = Debug|Any CPU
		{58C42DEC-FD73-4103-88F9-751E573C167C}.Debug|x86.ActiveCfg = Debug|Any CPU
		{58C42DEC-FD73-4103-88F9-751E573C167C}.Debug|x86.Build.0 = Debug|Any CPU
		{58C42DEC-FD73-4103-88F9-751E573C167C}.Release|Any CPU.ActiveCfg = Release|Any CPU
		{58C42DEC-FD73-4103-88F9-751E573C167C}.Release|Any CPU.Build.0 = Release|Any CPU
		{58C42DEC-FD73-4103-88F9-751E573C167C}.Release|ARM32.ActiveCfg = Release|Any CPU
		{58C42DEC-FD73-4103-88F9-751E573C167C}.Release|ARM64.ActiveCfg = Release|Any CPU
		{58C42DEC-FD73-4103-88F9-751E573C167C}.Release|x64.ActiveCfg = Release|Any CPU
		{58C42DEC-FD73-4103-88F9-751E573C167C}.Release|x64.Build.0 = Release|Any CPU
		{58C42DEC-FD73-4103-88F9-751E573C167C}.Release|x86.ActiveCfg = Release|Any CPU
		{58C42DEC-FD73-4103-88F9-751E573C167C}.Release|x86.Build.0 = Release|Any CPU
		{DE4E8E28-42DA-441C-A9BD-41D5EC25901D}.Debug|Any CPU.ActiveCfg = Debug|Any CPU
		{DE4E8E28-42DA-441C-A9BD-41D5EC25901D}.Debug|Any CPU.Build.0 = Debug|Any CPU
		{DE4E8E28-42DA-441C-A9BD-41D5EC25901D}.Debug|ARM32.ActiveCfg = Debug|Any CPU
		{DE4E8E28-42DA-441C-A9BD-41D5EC25901D}.Debug|ARM32.Build.0 = Debug|Any CPU
		{DE4E8E28-42DA-441C-A9BD-41D5EC25901D}.Debug|ARM64.ActiveCfg = Debug|Any CPU
		{DE4E8E28-42DA-441C-A9BD-41D5EC25901D}.Debug|ARM64.Build.0 = Debug|Any CPU
		{DE4E8E28-42DA-441C-A9BD-41D5EC25901D}.Debug|x64.ActiveCfg = Debug|Any CPU
		{DE4E8E28-42DA-441C-A9BD-41D5EC25901D}.Debug|x64.Build.0 = Debug|Any CPU
		{DE4E8E28-42DA-441C-A9BD-41D5EC25901D}.Debug|x86.ActiveCfg = Debug|Any CPU
		{DE4E8E28-42DA-441C-A9BD-41D5EC25901D}.Debug|x86.Build.0 = Debug|Any CPU
		{DE4E8E28-42DA-441C-A9BD-41D5EC25901D}.Release|Any CPU.ActiveCfg = Release|Any CPU
		{DE4E8E28-42DA-441C-A9BD-41D5EC25901D}.Release|Any CPU.Build.0 = Release|Any CPU
		{DE4E8E28-42DA-441C-A9BD-41D5EC25901D}.Release|ARM32.ActiveCfg = Release|Any CPU
		{DE4E8E28-42DA-441C-A9BD-41D5EC25901D}.Release|ARM32.Build.0 = Release|Any CPU
		{DE4E8E28-42DA-441C-A9BD-41D5EC25901D}.Release|ARM64.ActiveCfg = Release|Any CPU
		{DE4E8E28-42DA-441C-A9BD-41D5EC25901D}.Release|ARM64.Build.0 = Release|Any CPU
		{DE4E8E28-42DA-441C-A9BD-41D5EC25901D}.Release|x64.ActiveCfg = Release|x64
		{DE4E8E28-42DA-441C-A9BD-41D5EC25901D}.Release|x64.Build.0 = Release|x64
		{DE4E8E28-42DA-441C-A9BD-41D5EC25901D}.Release|x86.ActiveCfg = Release|Any CPU
		{DE4E8E28-42DA-441C-A9BD-41D5EC25901D}.Release|x86.Build.0 = Release|Any CPU
		{E96AB78A-8191-4D60-932E-6FC6FFD35BE8}.Debug|Any CPU.ActiveCfg = Debug|Any CPU
		{E96AB78A-8191-4D60-932E-6FC6FFD35BE8}.Debug|Any CPU.Build.0 = Debug|Any CPU
		{E96AB78A-8191-4D60-932E-6FC6FFD35BE8}.Debug|ARM32.ActiveCfg = Debug|Any CPU
		{E96AB78A-8191-4D60-932E-6FC6FFD35BE8}.Debug|ARM32.Build.0 = Debug|Any CPU
		{E96AB78A-8191-4D60-932E-6FC6FFD35BE8}.Debug|ARM64.ActiveCfg = Debug|Any CPU
		{E96AB78A-8191-4D60-932E-6FC6FFD35BE8}.Debug|ARM64.Build.0 = Debug|Any CPU
		{E96AB78A-8191-4D60-932E-6FC6FFD35BE8}.Debug|x64.ActiveCfg = Debug|Any CPU
		{E96AB78A-8191-4D60-932E-6FC6FFD35BE8}.Debug|x64.Build.0 = Debug|Any CPU
		{E96AB78A-8191-4D60-932E-6FC6FFD35BE8}.Debug|x86.ActiveCfg = Debug|Any CPU
		{E96AB78A-8191-4D60-932E-6FC6FFD35BE8}.Debug|x86.Build.0 = Debug|Any CPU
		{E96AB78A-8191-4D60-932E-6FC6FFD35BE8}.Release|Any CPU.ActiveCfg = Release|Any CPU
		{E96AB78A-8191-4D60-932E-6FC6FFD35BE8}.Release|Any CPU.Build.0 = Release|Any CPU
		{E96AB78A-8191-4D60-932E-6FC6FFD35BE8}.Release|ARM32.ActiveCfg = Release|Any CPU
		{E96AB78A-8191-4D60-932E-6FC6FFD35BE8}.Release|ARM32.Build.0 = Release|Any CPU
		{E96AB78A-8191-4D60-932E-6FC6FFD35BE8}.Release|ARM64.ActiveCfg = Release|Any CPU
		{E96AB78A-8191-4D60-932E-6FC6FFD35BE8}.Release|ARM64.Build.0 = Release|Any CPU
		{E96AB78A-8191-4D60-932E-6FC6FFD35BE8}.Release|x64.ActiveCfg = Release|Any CPU
		{E96AB78A-8191-4D60-932E-6FC6FFD35BE8}.Release|x64.Build.0 = Release|Any CPU
		{E96AB78A-8191-4D60-932E-6FC6FFD35BE8}.Release|x86.ActiveCfg = Release|Any CPU
		{E96AB78A-8191-4D60-932E-6FC6FFD35BE8}.Release|x86.Build.0 = Release|Any CPU
		{96CF116E-5C61-44CD-9038-CCAA24E4050D}.Debug|Any CPU.ActiveCfg = Debug|Any CPU
		{96CF116E-5C61-44CD-9038-CCAA24E4050D}.Debug|Any CPU.Build.0 = Debug|Any CPU
		{96CF116E-5C61-44CD-9038-CCAA24E4050D}.Debug|ARM32.ActiveCfg = Debug|Any CPU
		{96CF116E-5C61-44CD-9038-CCAA24E4050D}.Debug|ARM32.Build.0 = Debug|Any CPU
		{96CF116E-5C61-44CD-9038-CCAA24E4050D}.Debug|ARM64.ActiveCfg = Debug|Any CPU
		{96CF116E-5C61-44CD-9038-CCAA24E4050D}.Debug|ARM64.Build.0 = Debug|Any CPU
		{96CF116E-5C61-44CD-9038-CCAA24E4050D}.Debug|x64.ActiveCfg = Debug|Any CPU
		{96CF116E-5C61-44CD-9038-CCAA24E4050D}.Debug|x64.Build.0 = Debug|Any CPU
		{96CF116E-5C61-44CD-9038-CCAA24E4050D}.Debug|x86.ActiveCfg = Debug|Any CPU
		{96CF116E-5C61-44CD-9038-CCAA24E4050D}.Debug|x86.Build.0 = Debug|Any CPU
		{96CF116E-5C61-44CD-9038-CCAA24E4050D}.Release|Any CPU.ActiveCfg = Release|Any CPU
		{96CF116E-5C61-44CD-9038-CCAA24E4050D}.Release|Any CPU.Build.0 = Release|Any CPU
		{96CF116E-5C61-44CD-9038-CCAA24E4050D}.Release|ARM32.ActiveCfg = Release|Any CPU
		{96CF116E-5C61-44CD-9038-CCAA24E4050D}.Release|ARM32.Build.0 = Release|Any CPU
		{96CF116E-5C61-44CD-9038-CCAA24E4050D}.Release|ARM64.ActiveCfg = Release|Any CPU
		{96CF116E-5C61-44CD-9038-CCAA24E4050D}.Release|ARM64.Build.0 = Release|Any CPU
		{96CF116E-5C61-44CD-9038-CCAA24E4050D}.Release|x64.ActiveCfg = Release|Any CPU
		{96CF116E-5C61-44CD-9038-CCAA24E4050D}.Release|x64.Build.0 = Release|Any CPU
		{96CF116E-5C61-44CD-9038-CCAA24E4050D}.Release|x86.ActiveCfg = Release|Any CPU
		{96CF116E-5C61-44CD-9038-CCAA24E4050D}.Release|x86.Build.0 = Release|Any CPU
		{63AB09E9-389A-43EF-8D7D-E740D8FF2368}.Debug|Any CPU.ActiveCfg = Debug|Any CPU
		{63AB09E9-389A-43EF-8D7D-E740D8FF2368}.Debug|Any CPU.Build.0 = Debug|Any CPU
		{63AB09E9-389A-43EF-8D7D-E740D8FF2368}.Debug|ARM32.ActiveCfg = Debug|Any CPU
		{63AB09E9-389A-43EF-8D7D-E740D8FF2368}.Debug|ARM32.Build.0 = Debug|Any CPU
		{63AB09E9-389A-43EF-8D7D-E740D8FF2368}.Debug|ARM64.ActiveCfg = Debug|Any CPU
		{63AB09E9-389A-43EF-8D7D-E740D8FF2368}.Debug|ARM64.Build.0 = Debug|Any CPU
		{63AB09E9-389A-43EF-8D7D-E740D8FF2368}.Debug|x64.ActiveCfg = Debug|Any CPU
		{63AB09E9-389A-43EF-8D7D-E740D8FF2368}.Debug|x64.Build.0 = Debug|Any CPU
		{63AB09E9-389A-43EF-8D7D-E740D8FF2368}.Debug|x86.ActiveCfg = Debug|Any CPU
		{63AB09E9-389A-43EF-8D7D-E740D8FF2368}.Debug|x86.Build.0 = Debug|Any CPU
		{63AB09E9-389A-43EF-8D7D-E740D8FF2368}.Release|Any CPU.ActiveCfg = Release|Any CPU
		{63AB09E9-389A-43EF-8D7D-E740D8FF2368}.Release|Any CPU.Build.0 = Release|Any CPU
		{63AB09E9-389A-43EF-8D7D-E740D8FF2368}.Release|ARM32.ActiveCfg = Release|Any CPU
		{63AB09E9-389A-43EF-8D7D-E740D8FF2368}.Release|ARM32.Build.0 = Release|Any CPU
		{63AB09E9-389A-43EF-8D7D-E740D8FF2368}.Release|ARM64.ActiveCfg = Release|Any CPU
		{63AB09E9-389A-43EF-8D7D-E740D8FF2368}.Release|ARM64.Build.0 = Release|Any CPU
		{63AB09E9-389A-43EF-8D7D-E740D8FF2368}.Release|x64.ActiveCfg = Release|x64
		{63AB09E9-389A-43EF-8D7D-E740D8FF2368}.Release|x64.Build.0 = Release|x64
		{63AB09E9-389A-43EF-8D7D-E740D8FF2368}.Release|x86.ActiveCfg = Release|Any CPU
		{63AB09E9-389A-43EF-8D7D-E740D8FF2368}.Release|x86.Build.0 = Release|Any CPU
	EndGlobalSection
	GlobalSection(SolutionProperties) = preSolution
		HideSolutionNode = FALSE
	EndGlobalSection
	GlobalSection(NestedProjects) = preSolution
		{34B9CB24-499E-46D9-A79D-015F4123ECDA} = {1E798B47-6CC7-43D9-88E0-1CFAA4F9393C}
		{1CF12EAF-1330-4E75-8BC0-2CDBD5EE27FC} = {1E798B47-6CC7-43D9-88E0-1CFAA4F9393C}
		{D7B9B8BF-456E-400A-80B4-86377CCF7EAF} = {1E798B47-6CC7-43D9-88E0-1CFAA4F9393C}
		{620A1701-83FF-4ADF-A06A-620A2614459D} = {1E798B47-6CC7-43D9-88E0-1CFAA4F9393C}
		{C9EE0971-F0C8-4014-82BD-750AF2A1635F} = {1E798B47-6CC7-43D9-88E0-1CFAA4F9393C}
		{55C429A0-882A-415B-AD0F-69ABE67937B2} = {1E798B47-6CC7-43D9-88E0-1CFAA4F9393C}
		{3D701677-B4D3-478A-9DE9-91238F989D61} = {1E798B47-6CC7-43D9-88E0-1CFAA4F9393C}
		{BD1F554F-B55C-49DC-AFDC-D75CBF914B54} = {69148CED-9904-44A5-A4DC-F0AC70A4ADBF}
		{C102BA37-2C1C-4C8B-9810-53383E25339F} = {69148CED-9904-44A5-A4DC-F0AC70A4ADBF}
		{0EB174E7-0CB2-47C5-8BDE-FC5B0D45C32E} = {69148CED-9904-44A5-A4DC-F0AC70A4ADBF}
		{E2DF7379-2F59-4FED-B7B1-BACB9F130566} = {1E798B47-6CC7-43D9-88E0-1CFAA4F9393C}
		{E01007B1-CFFF-4073-86B7-1599ADE5B4EC} = {1E798B47-6CC7-43D9-88E0-1CFAA4F9393C}
		{AE77FEA2-E7DA-4FCD-B967-7417BABFCD77} = {69148CED-9904-44A5-A4DC-F0AC70A4ADBF}
		{69148CED-9904-44A5-A4DC-F0AC70A4ADBF} = {1E798B47-6CC7-43D9-88E0-1CFAA4F9393C}
		{E39BD341-7C25-48CB-B812-4F756AD97B71} = {1E798B47-6CC7-43D9-88E0-1CFAA4F9393C}
		{E94C8E0B-C186-4773-83A3-532200AEEABD} = {1E798B47-6CC7-43D9-88E0-1CFAA4F9393C}
		{E9EDA6AB-2700-45A0-A24F-BC6127827EA3} = {1E798B47-6CC7-43D9-88E0-1CFAA4F9393C}
		{DCB3B888-4077-4FC3-889E-F690A77045C8} = {1E798B47-6CC7-43D9-88E0-1CFAA4F9393C}
		{AF12D100-C14B-46CC-BCC2-B4A853B2F735} = {1E798B47-6CC7-43D9-88E0-1CFAA4F9393C}
		{EC409EE6-4DA9-4422-A86B-3A20E439A0BD} = {1E798B47-6CC7-43D9-88E0-1CFAA4F9393C}
		{F4F0960C-DABE-4501-AE6A-5A68CE10E8B3} = {1E798B47-6CC7-43D9-88E0-1CFAA4F9393C}
		{E5DF21D2-860E-4BA0-879F-68127DC52AAA} = {1E798B47-6CC7-43D9-88E0-1CFAA4F9393C}
		{6DAED417-DDC8-4F73-95B5-33D8FF62DF37} = {1E798B47-6CC7-43D9-88E0-1CFAA4F9393C}
		{B7B5859F-2DE8-4B22-B64F-340BC8173755} = {1E798B47-6CC7-43D9-88E0-1CFAA4F9393C}
		{27DBC533-4DBE-4A49-A2E7-14271306CB53} = {1E798B47-6CC7-43D9-88E0-1CFAA4F9393C}
		{797AA541-49CB-4161-B6FE-6CC519054D11} = {1E798B47-6CC7-43D9-88E0-1CFAA4F9393C}
		{DE4E8E28-42DA-441C-A9BD-41D5EC25901D} = {1E798B47-6CC7-43D9-88E0-1CFAA4F9393C}
		{E96AB78A-8191-4D60-932E-6FC6FFD35BE8} = {1E798B47-6CC7-43D9-88E0-1CFAA4F9393C}
		{63AB09E9-389A-43EF-8D7D-E740D8FF2368} = {1E798B47-6CC7-43D9-88E0-1CFAA4F9393C}
	EndGlobalSection
	GlobalSection(ExtensibilityGlobals) = postSolution
		SolutionGuid = {634746EE-A295-4EF0-B6D7-C48B2E48B4CD}
	EndGlobalSection
	GlobalSection(SharedMSBuildProjectFiles) = preSolution
		src\VBY\CommonShared\CommonShared.projitems*{620a1701-83ff-4adf-a06a-620a2614459d}*SharedItemsImports = 5
		src\VBY\CommonShared\CommonShared.projitems*{e5df21d2-860e-4ba0-879f-68127dc52aaa}*SharedItemsImports = 13
		src\VBY\CommonShared\CommonShared.projitems*{f4f0960c-dabe-4501-ae6a-5a68ce10e8b3}*SharedItemsImports = 5
	EndGlobalSection
EndGlobal
