
Microsoft Visual Studio Solution File, Format Version 12.00
# Visual Studio Version 17
VisualStudioVersion = 17.3.32922.545
MinimumVisualStudioVersion = 10.0.40219.1
Project("{2150E333-8FDC-42A3-9474-1A3956D46DE8}") = "Solution Items", "Solution Items", "{17B35BD8-E6BB-48A5-A470-E745EC976621}"
	ProjectSection(SolutionItems) = preProject
		.editorconfig = .editorconfig
	EndProjectSection
EndProject
Project("{2150E333-8FDC-42A3-9474-1A3956D46DE8}") = "Other", "Other", "{66FFDD2B-1418-40EE-974E-10C591A50182}"
EndProject
Project("{9A19103F-16F7-4668-BE54-9A1E7A4F7556}") = "ProgressQuery", "src\ProgressQuery\ProgressQuery.csproj", "{34B9CB24-499E-46D9-A79D-015F4123ECDA}"
EndProject
Project("{9A19103F-16F7-4668-BE54-9A1E7A4F7556}") = "Shop", "src\Shop\Shop.csproj", "{1CF12EAF-1330-4E75-8BC0-2CDBD5EE27FC}"
EndProject
Project("{9A19103F-16F7-4668-BE54-9A1E7A4F7556}") = "ItemStrengthen", "src\ItemStrengthen\ItemStrengthen.csproj", "{D7B9B8BF-456E-400A-80B4-86377CCF7EAF}"
EndProject
Project("{9A19103F-16F7-4668-BE54-9A1E7A4F7556}") = "MiniGame", "src\MiniGame\MiniGame.csproj", "{1AA97F0E-45DD-406D-BA4D-6AE08D8247B5}"
EndProject
Project("{9A19103F-16F7-4668-BE54-9A1E7A4F7556}") = "Common", "src\Common\Common.csproj", "{620A1701-83FF-4ADF-A06A-620A2614459D}"
EndProject
Project("{9A19103F-16F7-4668-BE54-9A1E7A4F7556}") = "RestFix", "src\test\RestFix.csproj", "{B97C81F9-3044-4FC0-A86C-4925DD0F4ABF}"
EndProject
Project("{9A19103F-16F7-4668-BE54-9A1E7A4F7556}") = "TempGroup", "src\TempGroup\TempGroup.csproj", "{9BE484BF-CBDF-4264-967E-C9D3E9A98B79}"
EndProject
Project("{9A19103F-16F7-4668-BE54-9A1E7A4F7556}") = "FlowerSeaRPG", "src\FlowerSeaRPG\FlowerSeaRPG.csproj", "{247A647A-BD10-4F9D-BF95-E6C7B5574961}"
EndProject
Project("{FAE04EC0-301F-11D3-BF4B-00C04F79EFBC}") = "TestPlugin", "src\TestPlugin\TestPlugin.csproj", "{AD7A777A-E950-43C2-BDF2-2AEBE845E5F5}"
EndProject
Project("{FAE04EC0-301F-11D3-BF4B-00C04F79EFBC}") = "TerrariaHelper", "src\TerrariaHelper\TerrariaHelper.csproj", "{8697840A-AEF3-48F0-A788-5882E06CAD23}"
EndProject
Project("{2150E333-8FDC-42A3-9474-1A3956D46DE8}") = "VBY", "VBY", "{1E798B47-6CC7-43D9-88E0-1CFAA4F9393C}"
EndProject
Project("{FAE04EC0-301F-11D3-BF4B-00C04F79EFBC}") = "RealTime", "src\RealTime\RealTime.csproj", "{C9EE0971-F0C8-4014-82BD-750AF2A1635F}"
EndProject
Project("{FAE04EC0-301F-11D3-BF4B-00C04F79EFBC}") = "GameContentModify", "src\GameContentModify\GameContentModify.csproj", "{55C429A0-882A-415B-AD0F-69ABE67937B2}"
EndProject
Project("{FAE04EC0-301F-11D3-BF4B-00C04F79EFBC}") = "OtherCommand", "src\OtherCommand\OtherCommand.csproj", "{3D701677-B4D3-478A-9DE9-91238F989D61}"
EndProject
Project("{FAE04EC0-301F-11D3-BF4B-00C04F79EFBC}") = "ProjectileTest", "src\ProjectileTest\ProjectileTest.csproj", "{BD1F554F-B55C-49DC-AFDC-D75CBF914B54}"
EndProject
Project("{9A19103F-16F7-4668-BE54-9A1E7A4F7556}") = "NPCAI", "src\NPCAI\NPCAI.csproj", "{C102BA37-2C1C-4C8B-9810-53383E25339F}"
EndProject
Project("{9A19103F-16F7-4668-BE54-9A1E7A4F7556}") = "NPCTest", "src\NPCTest\NPCTest.csproj", "{0EB174E7-0CB2-47C5-8BDE-FC5B0D45C32E}"
EndProject
Project("{9A19103F-16F7-4668-BE54-9A1E7A4F7556}") = "PluginLoader", "src\PluginLoader\PluginLoader.csproj", "{E2DF7379-2F59-4FED-B7B1-BACB9F130566}"
EndProject
Project("{FAE04EC0-301F-11D3-BF4B-00C04F79EFBC}") = "EventFirstRecord", "src\EventFirstRecord\EventFirstRecord.csproj", "{E01007B1-CFFF-4073-86B7-1599ADE5B4EC}"
EndProject
Project("{FAE04EC0-301F-11D3-BF4B-00C04F79EFBC}") = "Game1", "src\Game1\Game1.csproj", "{14024DD8-9C80-4B40-9BA7-AAF041C89510}"
EndProject
Project("{FAE04EC0-301F-11D3-BF4B-00C04F79EFBC}") = "ProjectileAI", "src\ProjectileAI\ProjectileAI.csproj", "{AE77FEA2-E7DA-4FCD-B967-7417BABFCD77}"
EndProject
Project("{2150E333-8FDC-42A3-9474-1A3956D46DE8}") = "AI", "AI", "{69148CED-9904-44A5-A4DC-F0AC70A4ADBF}"
EndProject
Project("{FAE04EC0-301F-11D3-BF4B-00C04F79EFBC}") = "VirtualPlayer", "src\VirtualPlayer\VirtualPlayer.csproj", "{E39BD341-7C25-48CB-B812-4F756AD97B71}"
EndProject
Project("{9A19103F-16F7-4668-BE54-9A1E7A4F7556}") = "MoreSpawnPoint", "src\MoreSpawnPoint\MoreSpawnPoint.csproj", "{E94C8E0B-C186-4773-83A3-532200AEEABD}"
EndProject
Project("{FAE04EC0-301F-11D3-BF4B-00C04F79EFBC}") = "PluginLoaderAutoReload", "src\PluginLoaderAutoReload\PluginLoaderAutoReload.csproj", "{E9EDA6AB-2700-45A0-A24F-BC6127827EA3}"
EndProject
Global
	GlobalSection(SolutionConfigurationPlatforms) = preSolution
		Debug|Any CPU = Debug|Any CPU
		Debug|x64 = Debug|x64
		Debug|x86 = Debug|x86
		Release|Any CPU = Release|Any CPU
		Release|x64 = Release|x64
		Release|x86 = Release|x86
	EndGlobalSection
	GlobalSection(ProjectConfigurationPlatforms) = postSolution
		{34B9CB24-499E-46D9-A79D-015F4123ECDA}.Debug|Any CPU.ActiveCfg = Debug|Any CPU
		{34B9CB24-499E-46D9-A79D-015F4123ECDA}.Debug|Any CPU.Build.0 = Debug|Any CPU
		{34B9CB24-499E-46D9-A79D-015F4123ECDA}.Debug|x64.ActiveCfg = Debug|x64
		{34B9CB24-499E-46D9-A79D-015F4123ECDA}.Debug|x64.Build.0 = Debug|x64
		{34B9CB24-499E-46D9-A79D-015F4123ECDA}.Debug|x86.ActiveCfg = Debug|Any CPU
		{34B9CB24-499E-46D9-A79D-015F4123ECDA}.Debug|x86.Build.0 = Debug|Any CPU
		{34B9CB24-499E-46D9-A79D-015F4123ECDA}.Release|Any CPU.ActiveCfg = Release|Any CPU
		{34B9CB24-499E-46D9-A79D-015F4123ECDA}.Release|Any CPU.Build.0 = Release|Any CPU
		{34B9CB24-499E-46D9-A79D-015F4123ECDA}.Release|x64.ActiveCfg = Release|x64
		{34B9CB24-499E-46D9-A79D-015F4123ECDA}.Release|x64.Build.0 = Release|x64
		{34B9CB24-499E-46D9-A79D-015F4123ECDA}.Release|x86.ActiveCfg = Release|Any CPU
		{34B9CB24-499E-46D9-A79D-015F4123ECDA}.Release|x86.Build.0 = Release|Any CPU
		{1CF12EAF-1330-4E75-8BC0-2CDBD5EE27FC}.Debug|Any CPU.ActiveCfg = Debug|Any CPU
		{1CF12EAF-1330-4E75-8BC0-2CDBD5EE27FC}.Debug|Any CPU.Build.0 = Debug|Any CPU
		{1CF12EAF-1330-4E75-8BC0-2CDBD5EE27FC}.Debug|x64.ActiveCfg = Debug|x64
		{1CF12EAF-1330-4E75-8BC0-2CDBD5EE27FC}.Debug|x64.Build.0 = Debug|x64
		{1CF12EAF-1330-4E75-8BC0-2CDBD5EE27FC}.Debug|x86.ActiveCfg = Debug|Any CPU
		{1CF12EAF-1330-4E75-8BC0-2CDBD5EE27FC}.Debug|x86.Build.0 = Debug|Any CPU
		{1CF12EAF-1330-4E75-8BC0-2CDBD5EE27FC}.Release|Any CPU.ActiveCfg = Release|Any CPU
		{1CF12EAF-1330-4E75-8BC0-2CDBD5EE27FC}.Release|Any CPU.Build.0 = Release|Any CPU
		{1CF12EAF-1330-4E75-8BC0-2CDBD5EE27FC}.Release|x64.ActiveCfg = Release|x64
		{1CF12EAF-1330-4E75-8BC0-2CDBD5EE27FC}.Release|x64.Build.0 = Release|x64
		{1CF12EAF-1330-4E75-8BC0-2CDBD5EE27FC}.Release|x86.ActiveCfg = Release|Any CPU
		{1CF12EAF-1330-4E75-8BC0-2CDBD5EE27FC}.Release|x86.Build.0 = Release|Any CPU
		{D7B9B8BF-456E-400A-80B4-86377CCF7EAF}.Debug|Any CPU.ActiveCfg = Debug|Any CPU
		{D7B9B8BF-456E-400A-80B4-86377CCF7EAF}.Debug|Any CPU.Build.0 = Debug|Any CPU
		{D7B9B8BF-456E-400A-80B4-86377CCF7EAF}.Debug|x64.ActiveCfg = Debug|x64
		{D7B9B8BF-456E-400A-80B4-86377CCF7EAF}.Debug|x64.Build.0 = Debug|x64
		{D7B9B8BF-456E-400A-80B4-86377CCF7EAF}.Debug|x86.ActiveCfg = Debug|Any CPU
		{D7B9B8BF-456E-400A-80B4-86377CCF7EAF}.Debug|x86.Build.0 = Debug|Any CPU
		{D7B9B8BF-456E-400A-80B4-86377CCF7EAF}.Release|Any CPU.ActiveCfg = Release|Any CPU
		{D7B9B8BF-456E-400A-80B4-86377CCF7EAF}.Release|Any CPU.Build.0 = Release|Any CPU
		{D7B9B8BF-456E-400A-80B4-86377CCF7EAF}.Release|x64.ActiveCfg = Release|x64
		{D7B9B8BF-456E-400A-80B4-86377CCF7EAF}.Release|x64.Build.0 = Release|x64
		{D7B9B8BF-456E-400A-80B4-86377CCF7EAF}.Release|x86.ActiveCfg = Release|Any CPU
		{D7B9B8BF-456E-400A-80B4-86377CCF7EAF}.Release|x86.Build.0 = Release|Any CPU
		{1AA97F0E-45DD-406D-BA4D-6AE08D8247B5}.Debug|Any CPU.ActiveCfg = Debug|Any CPU
		{1AA97F0E-45DD-406D-BA4D-6AE08D8247B5}.Debug|Any CPU.Build.0 = Debug|Any CPU
		{1AA97F0E-45DD-406D-BA4D-6AE08D8247B5}.Debug|x64.ActiveCfg = Debug|x64
		{1AA97F0E-45DD-406D-BA4D-6AE08D8247B5}.Debug|x64.Build.0 = Debug|x64
		{1AA97F0E-45DD-406D-BA4D-6AE08D8247B5}.Debug|x86.ActiveCfg = Debug|Any CPU
		{1AA97F0E-45DD-406D-BA4D-6AE08D8247B5}.Debug|x86.Build.0 = Debug|Any CPU
		{1AA97F0E-45DD-406D-BA4D-6AE08D8247B5}.Release|Any CPU.ActiveCfg = Release|Any CPU
		{1AA97F0E-45DD-406D-BA4D-6AE08D8247B5}.Release|Any CPU.Build.0 = Release|Any CPU
		{1AA97F0E-45DD-406D-BA4D-6AE08D8247B5}.Release|x64.ActiveCfg = Release|x64
		{1AA97F0E-45DD-406D-BA4D-6AE08D8247B5}.Release|x64.Build.0 = Release|x64
		{1AA97F0E-45DD-406D-BA4D-6AE08D8247B5}.Release|x86.ActiveCfg = Release|Any CPU
		{1AA97F0E-45DD-406D-BA4D-6AE08D8247B5}.Release|x86.Build.0 = Release|Any CPU
		{620A1701-83FF-4ADF-A06A-620A2614459D}.Debug|Any CPU.ActiveCfg = Debug|Any CPU
		{620A1701-83FF-4ADF-A06A-620A2614459D}.Debug|Any CPU.Build.0 = Debug|Any CPU
		{620A1701-83FF-4ADF-A06A-620A2614459D}.Debug|x64.ActiveCfg = Debug|x64
		{620A1701-83FF-4ADF-A06A-620A2614459D}.Debug|x64.Build.0 = Debug|x64
		{620A1701-83FF-4ADF-A06A-620A2614459D}.Debug|x86.ActiveCfg = Debug|Any CPU
		{620A1701-83FF-4ADF-A06A-620A2614459D}.Debug|x86.Build.0 = Debug|Any CPU
		{620A1701-83FF-4ADF-A06A-620A2614459D}.Release|Any CPU.ActiveCfg = Release|Any CPU
		{620A1701-83FF-4ADF-A06A-620A2614459D}.Release|Any CPU.Build.0 = Release|Any CPU
		{620A1701-83FF-4ADF-A06A-620A2614459D}.Release|x64.ActiveCfg = Release|x64
		{620A1701-83FF-4ADF-A06A-620A2614459D}.Release|x64.Build.0 = Release|x64
		{620A1701-83FF-4ADF-A06A-620A2614459D}.Release|x86.ActiveCfg = Release|Any CPU
		{620A1701-83FF-4ADF-A06A-620A2614459D}.Release|x86.Build.0 = Release|Any CPU
		{B97C81F9-3044-4FC0-A86C-4925DD0F4ABF}.Debug|Any CPU.ActiveCfg = Debug|Any CPU
		{B97C81F9-3044-4FC0-A86C-4925DD0F4ABF}.Debug|Any CPU.Build.0 = Debug|Any CPU
		{B97C81F9-3044-4FC0-A86C-4925DD0F4ABF}.Debug|x64.ActiveCfg = Debug|x64
		{B97C81F9-3044-4FC0-A86C-4925DD0F4ABF}.Debug|x64.Build.0 = Debug|x64
		{B97C81F9-3044-4FC0-A86C-4925DD0F4ABF}.Debug|x86.ActiveCfg = Debug|Any CPU
		{B97C81F9-3044-4FC0-A86C-4925DD0F4ABF}.Debug|x86.Build.0 = Debug|Any CPU
		{B97C81F9-3044-4FC0-A86C-4925DD0F4ABF}.Release|Any CPU.ActiveCfg = Release|Any CPU
		{B97C81F9-3044-4FC0-A86C-4925DD0F4ABF}.Release|Any CPU.Build.0 = Release|Any CPU
		{B97C81F9-3044-4FC0-A86C-4925DD0F4ABF}.Release|x64.ActiveCfg = Release|x64
		{B97C81F9-3044-4FC0-A86C-4925DD0F4ABF}.Release|x64.Build.0 = Release|x64
		{B97C81F9-3044-4FC0-A86C-4925DD0F4ABF}.Release|x86.ActiveCfg = Release|Any CPU
		{B97C81F9-3044-4FC0-A86C-4925DD0F4ABF}.Release|x86.Build.0 = Release|Any CPU
		{9BE484BF-CBDF-4264-967E-C9D3E9A98B79}.Debug|Any CPU.ActiveCfg = Debug|Any CPU
		{9BE484BF-CBDF-4264-967E-C9D3E9A98B79}.Debug|Any CPU.Build.0 = Debug|Any CPU
		{9BE484BF-CBDF-4264-967E-C9D3E9A98B79}.Debug|x64.ActiveCfg = Debug|x64
		{9BE484BF-CBDF-4264-967E-C9D3E9A98B79}.Debug|x64.Build.0 = Debug|x64
		{9BE484BF-CBDF-4264-967E-C9D3E9A98B79}.Debug|x86.ActiveCfg = Debug|Any CPU
		{9BE484BF-CBDF-4264-967E-C9D3E9A98B79}.Debug|x86.Build.0 = Debug|Any CPU
		{9BE484BF-CBDF-4264-967E-C9D3E9A98B79}.Release|Any CPU.ActiveCfg = Release|Any CPU
		{9BE484BF-CBDF-4264-967E-C9D3E9A98B79}.Release|Any CPU.Build.0 = Release|Any CPU
		{9BE484BF-CBDF-4264-967E-C9D3E9A98B79}.Release|x64.ActiveCfg = Release|x64
		{9BE484BF-CBDF-4264-967E-C9D3E9A98B79}.Release|x64.Build.0 = Release|x64
		{9BE484BF-CBDF-4264-967E-C9D3E9A98B79}.Release|x86.ActiveCfg = Release|Any CPU
		{9BE484BF-CBDF-4264-967E-C9D3E9A98B79}.Release|x86.Build.0 = Release|Any CPU
		{247A647A-BD10-4F9D-BF95-E6C7B5574961}.Debug|Any CPU.ActiveCfg = Debug|Any CPU
		{247A647A-BD10-4F9D-BF95-E6C7B5574961}.Debug|Any CPU.Build.0 = Debug|Any CPU
		{247A647A-BD10-4F9D-BF95-E6C7B5574961}.Debug|x64.ActiveCfg = Debug|x64
		{247A647A-BD10-4F9D-BF95-E6C7B5574961}.Debug|x64.Build.0 = Debug|x64
		{247A647A-BD10-4F9D-BF95-E6C7B5574961}.Debug|x86.ActiveCfg = Debug|Any CPU
		{247A647A-BD10-4F9D-BF95-E6C7B5574961}.Debug|x86.Build.0 = Debug|Any CPU
		{247A647A-BD10-4F9D-BF95-E6C7B5574961}.Release|Any CPU.ActiveCfg = Release|Any CPU
		{247A647A-BD10-4F9D-BF95-E6C7B5574961}.Release|Any CPU.Build.0 = Release|Any CPU
		{247A647A-BD10-4F9D-BF95-E6C7B5574961}.Release|x64.ActiveCfg = Release|x64
		{247A647A-BD10-4F9D-BF95-E6C7B5574961}.Release|x64.Build.0 = Release|x64
		{247A647A-BD10-4F9D-BF95-E6C7B5574961}.Release|x86.ActiveCfg = Release|Any CPU
		{247A647A-BD10-4F9D-BF95-E6C7B5574961}.Release|x86.Build.0 = Release|Any CPU
		{AD7A777A-E950-43C2-BDF2-2AEBE845E5F5}.Debug|Any CPU.ActiveCfg = Debug|Any CPU
		{AD7A777A-E950-43C2-BDF2-2AEBE845E5F5}.Debug|Any CPU.Build.0 = Debug|Any CPU
		{AD7A777A-E950-43C2-BDF2-2AEBE845E5F5}.Debug|x64.ActiveCfg = Debug|Any CPU
		{AD7A777A-E950-43C2-BDF2-2AEBE845E5F5}.Debug|x64.Build.0 = Debug|Any CPU
		{AD7A777A-E950-43C2-BDF2-2AEBE845E5F5}.Debug|x86.ActiveCfg = Debug|Any CPU
		{AD7A777A-E950-43C2-BDF2-2AEBE845E5F5}.Debug|x86.Build.0 = Debug|Any CPU
		{AD7A777A-E950-43C2-BDF2-2AEBE845E5F5}.Release|Any CPU.ActiveCfg = Release|Any CPU
		{AD7A777A-E950-43C2-BDF2-2AEBE845E5F5}.Release|Any CPU.Build.0 = Release|Any CPU
		{AD7A777A-E950-43C2-BDF2-2AEBE845E5F5}.Release|x64.ActiveCfg = Release|x64
		{AD7A777A-E950-43C2-BDF2-2AEBE845E5F5}.Release|x64.Build.0 = Release|x64
		{AD7A777A-E950-43C2-BDF2-2AEBE845E5F5}.Release|x86.ActiveCfg = Release|Any CPU
		{AD7A777A-E950-43C2-BDF2-2AEBE845E5F5}.Release|x86.Build.0 = Release|Any CPU
		{8697840A-AEF3-48F0-A788-5882E06CAD23}.Debug|Any CPU.ActiveCfg = Debug|Any CPU
		{8697840A-AEF3-48F0-A788-5882E06CAD23}.Debug|Any CPU.Build.0 = Debug|Any CPU
		{8697840A-AEF3-48F0-A788-5882E06CAD23}.Debug|x64.ActiveCfg = Debug|Any CPU
		{8697840A-AEF3-48F0-A788-5882E06CAD23}.Debug|x64.Build.0 = Debug|Any CPU
		{8697840A-AEF3-48F0-A788-5882E06CAD23}.Debug|x86.ActiveCfg = Debug|Any CPU
		{8697840A-AEF3-48F0-A788-5882E06CAD23}.Debug|x86.Build.0 = Debug|Any CPU
		{8697840A-AEF3-48F0-A788-5882E06CAD23}.Release|Any CPU.ActiveCfg = Release|Any CPU
		{8697840A-AEF3-48F0-A788-5882E06CAD23}.Release|Any CPU.Build.0 = Release|Any CPU
		{8697840A-AEF3-48F0-A788-5882E06CAD23}.Release|x64.ActiveCfg = Release|Any CPU
		{8697840A-AEF3-48F0-A788-5882E06CAD23}.Release|x64.Build.0 = Release|Any CPU
		{8697840A-AEF3-48F0-A788-5882E06CAD23}.Release|x86.ActiveCfg = Release|Any CPU
		{8697840A-AEF3-48F0-A788-5882E06CAD23}.Release|x86.Build.0 = Release|Any CPU
		{C9EE0971-F0C8-4014-82BD-750AF2A1635F}.Debug|Any CPU.ActiveCfg = Debug|Any CPU
		{C9EE0971-F0C8-4014-82BD-750AF2A1635F}.Debug|Any CPU.Build.0 = Debug|Any CPU
		{C9EE0971-F0C8-4014-82BD-750AF2A1635F}.Debug|x64.ActiveCfg = Debug|x64
		{C9EE0971-F0C8-4014-82BD-750AF2A1635F}.Debug|x64.Build.0 = Debug|x64
		{C9EE0971-F0C8-4014-82BD-750AF2A1635F}.Debug|x86.ActiveCfg = Debug|Any CPU
		{C9EE0971-F0C8-4014-82BD-750AF2A1635F}.Debug|x86.Build.0 = Debug|Any CPU
		{C9EE0971-F0C8-4014-82BD-750AF2A1635F}.Release|Any CPU.ActiveCfg = Release|Any CPU
		{C9EE0971-F0C8-4014-82BD-750AF2A1635F}.Release|Any CPU.Build.0 = Release|Any CPU
		{C9EE0971-F0C8-4014-82BD-750AF2A1635F}.Release|x64.ActiveCfg = Release|x64
		{C9EE0971-F0C8-4014-82BD-750AF2A1635F}.Release|x64.Build.0 = Release|x64
		{C9EE0971-F0C8-4014-82BD-750AF2A1635F}.Release|x86.ActiveCfg = Release|Any CPU
		{C9EE0971-F0C8-4014-82BD-750AF2A1635F}.Release|x86.Build.0 = Release|Any CPU
		{55C429A0-882A-415B-AD0F-69ABE67937B2}.Debug|Any CPU.ActiveCfg = Debug|Any CPU
		{55C429A0-882A-415B-AD0F-69ABE67937B2}.Debug|Any CPU.Build.0 = Debug|Any CPU
		{55C429A0-882A-415B-AD0F-69ABE67937B2}.Debug|x64.ActiveCfg = Debug|x64
		{55C429A0-882A-415B-AD0F-69ABE67937B2}.Debug|x64.Build.0 = Debug|x64
		{55C429A0-882A-415B-AD0F-69ABE67937B2}.Debug|x86.ActiveCfg = Debug|Any CPU
		{55C429A0-882A-415B-AD0F-69ABE67937B2}.Debug|x86.Build.0 = Debug|Any CPU
		{55C429A0-882A-415B-AD0F-69ABE67937B2}.Release|Any CPU.ActiveCfg = Release|Any CPU
		{55C429A0-882A-415B-AD0F-69ABE67937B2}.Release|Any CPU.Build.0 = Release|Any CPU
		{55C429A0-882A-415B-AD0F-69ABE67937B2}.Release|x64.ActiveCfg = Release|x64
		{55C429A0-882A-415B-AD0F-69ABE67937B2}.Release|x64.Build.0 = Release|x64
		{55C429A0-882A-415B-AD0F-69ABE67937B2}.Release|x86.ActiveCfg = Release|Any CPU
		{55C429A0-882A-415B-AD0F-69ABE67937B2}.Release|x86.Build.0 = Release|Any CPU
		{3D701677-B4D3-478A-9DE9-91238F989D61}.Debug|Any CPU.ActiveCfg = Debug|Any CPU
		{3D701677-B4D3-478A-9DE9-91238F989D61}.Debug|Any CPU.Build.0 = Debug|Any CPU
		{3D701677-B4D3-478A-9DE9-91238F989D61}.Debug|x64.ActiveCfg = Debug|Any CPU
		{3D701677-B4D3-478A-9DE9-91238F989D61}.Debug|x64.Build.0 = Debug|Any CPU
		{3D701677-B4D3-478A-9DE9-91238F989D61}.Debug|x86.ActiveCfg = Debug|Any CPU
		{3D701677-B4D3-478A-9DE9-91238F989D61}.Debug|x86.Build.0 = Debug|Any CPU
		{3D701677-B4D3-478A-9DE9-91238F989D61}.Release|Any CPU.ActiveCfg = Release|Any CPU
		{3D701677-B4D3-478A-9DE9-91238F989D61}.Release|Any CPU.Build.0 = Release|Any CPU
		{3D701677-B4D3-478A-9DE9-91238F989D61}.Release|x64.ActiveCfg = Release|x64
		{3D701677-B4D3-478A-9DE9-91238F989D61}.Release|x64.Build.0 = Release|x64
		{3D701677-B4D3-478A-9DE9-91238F989D61}.Release|x86.ActiveCfg = Release|Any CPU
		{3D701677-B4D3-478A-9DE9-91238F989D61}.Release|x86.Build.0 = Release|Any CPU
		{BD1F554F-B55C-49DC-AFDC-D75CBF914B54}.Debug|Any CPU.ActiveCfg = Debug|Any CPU
		{BD1F554F-B55C-49DC-AFDC-D75CBF914B54}.Debug|Any CPU.Build.0 = Debug|Any CPU
		{BD1F554F-B55C-49DC-AFDC-D75CBF914B54}.Debug|x64.ActiveCfg = Debug|x64
		{BD1F554F-B55C-49DC-AFDC-D75CBF914B54}.Debug|x64.Build.0 = Debug|x64
		{BD1F554F-B55C-49DC-AFDC-D75CBF914B54}.Debug|x86.ActiveCfg = Debug|Any CPU
		{BD1F554F-B55C-49DC-AFDC-D75CBF914B54}.Debug|x86.Build.0 = Debug|Any CPU
		{BD1F554F-B55C-49DC-AFDC-D75CBF914B54}.Release|Any CPU.ActiveCfg = Release|Any CPU
		{BD1F554F-B55C-49DC-AFDC-D75CBF914B54}.Release|Any CPU.Build.0 = Release|Any CPU
		{BD1F554F-B55C-49DC-AFDC-D75CBF914B54}.Release|x64.ActiveCfg = Release|x64
		{BD1F554F-B55C-49DC-AFDC-D75CBF914B54}.Release|x64.Build.0 = Release|x64
		{BD1F554F-B55C-49DC-AFDC-D75CBF914B54}.Release|x86.ActiveCfg = Release|Any CPU
		{BD1F554F-B55C-49DC-AFDC-D75CBF914B54}.Release|x86.Build.0 = Release|Any CPU
		{C102BA37-2C1C-4C8B-9810-53383E25339F}.Debug|Any CPU.ActiveCfg = Debug|Any CPU
		{C102BA37-2C1C-4C8B-9810-53383E25339F}.Debug|Any CPU.Build.0 = Debug|Any CPU
		{C102BA37-2C1C-4C8B-9810-53383E25339F}.Debug|x64.ActiveCfg = Debug|x64
		{C102BA37-2C1C-4C8B-9810-53383E25339F}.Debug|x64.Build.0 = Debug|x64
		{C102BA37-2C1C-4C8B-9810-53383E25339F}.Debug|x86.ActiveCfg = Debug|Any CPU
		{C102BA37-2C1C-4C8B-9810-53383E25339F}.Debug|x86.Build.0 = Debug|Any CPU
		{C102BA37-2C1C-4C8B-9810-53383E25339F}.Release|Any CPU.ActiveCfg = Release|Any CPU
		{C102BA37-2C1C-4C8B-9810-53383E25339F}.Release|Any CPU.Build.0 = Release|Any CPU
		{C102BA37-2C1C-4C8B-9810-53383E25339F}.Release|x64.ActiveCfg = Release|x64
		{C102BA37-2C1C-4C8B-9810-53383E25339F}.Release|x64.Build.0 = Release|x64
		{C102BA37-2C1C-4C8B-9810-53383E25339F}.Release|x86.ActiveCfg = Release|Any CPU
		{C102BA37-2C1C-4C8B-9810-53383E25339F}.Release|x86.Build.0 = Release|Any CPU
		{0EB174E7-0CB2-47C5-8BDE-FC5B0D45C32E}.Debug|Any CPU.ActiveCfg = Debug|Any CPU
		{0EB174E7-0CB2-47C5-8BDE-FC5B0D45C32E}.Debug|Any CPU.Build.0 = Debug|Any CPU
		{0EB174E7-0CB2-47C5-8BDE-FC5B0D45C32E}.Debug|x64.ActiveCfg = Debug|x64
		{0EB174E7-0CB2-47C5-8BDE-FC5B0D45C32E}.Debug|x64.Build.0 = Debug|x64
		{0EB174E7-0CB2-47C5-8BDE-FC5B0D45C32E}.Debug|x86.ActiveCfg = Debug|Any CPU
		{0EB174E7-0CB2-47C5-8BDE-FC5B0D45C32E}.Debug|x86.Build.0 = Debug|Any CPU
		{0EB174E7-0CB2-47C5-8BDE-FC5B0D45C32E}.Release|Any CPU.ActiveCfg = Release|Any CPU
		{0EB174E7-0CB2-47C5-8BDE-FC5B0D45C32E}.Release|Any CPU.Build.0 = Release|Any CPU
		{0EB174E7-0CB2-47C5-8BDE-FC5B0D45C32E}.Release|x64.ActiveCfg = Release|x64
		{0EB174E7-0CB2-47C5-8BDE-FC5B0D45C32E}.Release|x64.Build.0 = Release|x64
		{0EB174E7-0CB2-47C5-8BDE-FC5B0D45C32E}.Release|x86.ActiveCfg = Release|Any CPU
		{0EB174E7-0CB2-47C5-8BDE-FC5B0D45C32E}.Release|x86.Build.0 = Release|Any CPU
		{E2DF7379-2F59-4FED-B7B1-BACB9F130566}.Debug|Any CPU.ActiveCfg = Debug|Any CPU
		{E2DF7379-2F59-4FED-B7B1-BACB9F130566}.Debug|Any CPU.Build.0 = Debug|Any CPU
		{E2DF7379-2F59-4FED-B7B1-BACB9F130566}.Debug|x64.ActiveCfg = Debug|x64
		{E2DF7379-2F59-4FED-B7B1-BACB9F130566}.Debug|x64.Build.0 = Debug|x64
		{E2DF7379-2F59-4FED-B7B1-BACB9F130566}.Debug|x86.ActiveCfg = Debug|Any CPU
		{E2DF7379-2F59-4FED-B7B1-BACB9F130566}.Debug|x86.Build.0 = Debug|Any CPU
		{E2DF7379-2F59-4FED-B7B1-BACB9F130566}.Release|Any CPU.ActiveCfg = Release|Any CPU
		{E2DF7379-2F59-4FED-B7B1-BACB9F130566}.Release|Any CPU.Build.0 = Release|Any CPU
		{E2DF7379-2F59-4FED-B7B1-BACB9F130566}.Release|x64.ActiveCfg = Release|x64
		{E2DF7379-2F59-4FED-B7B1-BACB9F130566}.Release|x64.Build.0 = Release|x64
		{E2DF7379-2F59-4FED-B7B1-BACB9F130566}.Release|x86.ActiveCfg = Release|Any CPU
		{E2DF7379-2F59-4FED-B7B1-BACB9F130566}.Release|x86.Build.0 = Release|Any CPU
		{E01007B1-CFFF-4073-86B7-1599ADE5B4EC}.Debug|Any CPU.ActiveCfg = Debug|Any CPU
		{E01007B1-CFFF-4073-86B7-1599ADE5B4EC}.Debug|Any CPU.Build.0 = Debug|Any CPU
		{E01007B1-CFFF-4073-86B7-1599ADE5B4EC}.Debug|x64.ActiveCfg = Debug|Any CPU
		{E01007B1-CFFF-4073-86B7-1599ADE5B4EC}.Debug|x64.Build.0 = Debug|Any CPU
		{E01007B1-CFFF-4073-86B7-1599ADE5B4EC}.Debug|x86.ActiveCfg = Debug|Any CPU
		{E01007B1-CFFF-4073-86B7-1599ADE5B4EC}.Debug|x86.Build.0 = Debug|Any CPU
		{E01007B1-CFFF-4073-86B7-1599ADE5B4EC}.Release|Any CPU.ActiveCfg = Release|Any CPU
		{E01007B1-CFFF-4073-86B7-1599ADE5B4EC}.Release|Any CPU.Build.0 = Release|Any CPU
		{E01007B1-CFFF-4073-86B7-1599ADE5B4EC}.Release|x64.ActiveCfg = Release|Any CPU
		{E01007B1-CFFF-4073-86B7-1599ADE5B4EC}.Release|x64.Build.0 = Release|Any CPU
		{E01007B1-CFFF-4073-86B7-1599ADE5B4EC}.Release|x86.ActiveCfg = Release|Any CPU
		{E01007B1-CFFF-4073-86B7-1599ADE5B4EC}.Release|x86.Build.0 = Release|Any CPU
		{14024DD8-9C80-4B40-9BA7-AAF041C89510}.Debug|Any CPU.ActiveCfg = Debug|Any CPU
		{14024DD8-9C80-4B40-9BA7-AAF041C89510}.Debug|Any CPU.Build.0 = Debug|Any CPU
		{14024DD8-9C80-4B40-9BA7-AAF041C89510}.Debug|x64.ActiveCfg = Debug|Any CPU
		{14024DD8-9C80-4B40-9BA7-AAF041C89510}.Debug|x64.Build.0 = Debug|Any CPU
		{14024DD8-9C80-4B40-9BA7-AAF041C89510}.Debug|x86.ActiveCfg = Debug|Any CPU
		{14024DD8-9C80-4B40-9BA7-AAF041C89510}.Debug|x86.Build.0 = Debug|Any CPU
		{14024DD8-9C80-4B40-9BA7-AAF041C89510}.Release|Any CPU.ActiveCfg = Release|Any CPU
		{14024DD8-9C80-4B40-9BA7-AAF041C89510}.Release|Any CPU.Build.0 = Release|Any CPU
		{14024DD8-9C80-4B40-9BA7-AAF041C89510}.Release|x64.ActiveCfg = Release|x64
		{14024DD8-9C80-4B40-9BA7-AAF041C89510}.Release|x64.Build.0 = Release|x64
		{14024DD8-9C80-4B40-9BA7-AAF041C89510}.Release|x86.ActiveCfg = Release|Any CPU
		{14024DD8-9C80-4B40-9BA7-AAF041C89510}.Release|x86.Build.0 = Release|Any CPU
		{AE77FEA2-E7DA-4FCD-B967-7417BABFCD77}.Debug|Any CPU.ActiveCfg = Debug|Any CPU
		{AE77FEA2-E7DA-4FCD-B967-7417BABFCD77}.Debug|Any CPU.Build.0 = Debug|Any CPU
		{AE77FEA2-E7DA-4FCD-B967-7417BABFCD77}.Debug|x64.ActiveCfg = Debug|Any CPU
		{AE77FEA2-E7DA-4FCD-B967-7417BABFCD77}.Debug|x64.Build.0 = Debug|Any CPU
		{AE77FEA2-E7DA-4FCD-B967-7417BABFCD77}.Debug|x86.ActiveCfg = Debug|Any CPU
		{AE77FEA2-E7DA-4FCD-B967-7417BABFCD77}.Debug|x86.Build.0 = Debug|Any CPU
		{AE77FEA2-E7DA-4FCD-B967-7417BABFCD77}.Release|Any CPU.ActiveCfg = Release|Any CPU
		{AE77FEA2-E7DA-4FCD-B967-7417BABFCD77}.Release|Any CPU.Build.0 = Release|Any CPU
		{AE77FEA2-E7DA-4FCD-B967-7417BABFCD77}.Release|x64.ActiveCfg = Release|x64
		{AE77FEA2-E7DA-4FCD-B967-7417BABFCD77}.Release|x64.Build.0 = Release|x64
		{AE77FEA2-E7DA-4FCD-B967-7417BABFCD77}.Release|x86.ActiveCfg = Release|Any CPU
		{AE77FEA2-E7DA-4FCD-B967-7417BABFCD77}.Release|x86.Build.0 = Release|Any CPU
		{E39BD341-7C25-48CB-B812-4F756AD97B71}.Debug|Any CPU.ActiveCfg = Debug|Any CPU
		{E39BD341-7C25-48CB-B812-4F756AD97B71}.Debug|Any CPU.Build.0 = Debug|Any CPU
		{E39BD341-7C25-48CB-B812-4F756AD97B71}.Debug|x64.ActiveCfg = Debug|Any CPU
		{E39BD341-7C25-48CB-B812-4F756AD97B71}.Debug|x64.Build.0 = Debug|Any CPU
		{E39BD341-7C25-48CB-B812-4F756AD97B71}.Debug|x86.ActiveCfg = Debug|Any CPU
		{E39BD341-7C25-48CB-B812-4F756AD97B71}.Debug|x86.Build.0 = Debug|Any CPU
		{E39BD341-7C25-48CB-B812-4F756AD97B71}.Release|Any CPU.ActiveCfg = Release|Any CPU
		{E39BD341-7C25-48CB-B812-4F756AD97B71}.Release|Any CPU.Build.0 = Release|Any CPU
		{E39BD341-7C25-48CB-B812-4F756AD97B71}.Release|x64.ActiveCfg = Release|x64
		{E39BD341-7C25-48CB-B812-4F756AD97B71}.Release|x64.Build.0 = Release|x64
		{E39BD341-7C25-48CB-B812-4F756AD97B71}.Release|x86.ActiveCfg = Release|Any CPU
		{E39BD341-7C25-48CB-B812-4F756AD97B71}.Release|x86.Build.0 = Release|Any CPU
		{E94C8E0B-C186-4773-83A3-532200AEEABD}.Debug|Any CPU.ActiveCfg = Debug|Any CPU
		{E94C8E0B-C186-4773-83A3-532200AEEABD}.Debug|Any CPU.Build.0 = Debug|Any CPU
		{E94C8E0B-C186-4773-83A3-532200AEEABD}.Debug|x64.ActiveCfg = Debug|x64
		{E94C8E0B-C186-4773-83A3-532200AEEABD}.Debug|x64.Build.0 = Debug|x64
		{E94C8E0B-C186-4773-83A3-532200AEEABD}.Debug|x86.ActiveCfg = Debug|Any CPU
		{E94C8E0B-C186-4773-83A3-532200AEEABD}.Debug|x86.Build.0 = Debug|Any CPU
		{E94C8E0B-C186-4773-83A3-532200AEEABD}.Release|Any CPU.ActiveCfg = Release|Any CPU
		{E94C8E0B-C186-4773-83A3-532200AEEABD}.Release|Any CPU.Build.0 = Release|Any CPU
		{E94C8E0B-C186-4773-83A3-532200AEEABD}.Release|x64.ActiveCfg = Release|x64
		{E94C8E0B-C186-4773-83A3-532200AEEABD}.Release|x64.Build.0 = Release|x64
		{E94C8E0B-C186-4773-83A3-532200AEEABD}.Release|x86.ActiveCfg = Release|Any CPU
		{E94C8E0B-C186-4773-83A3-532200AEEABD}.Release|x86.Build.0 = Release|Any CPU
		{E9EDA6AB-2700-45A0-A24F-BC6127827EA3}.Debug|Any CPU.ActiveCfg = Debug|Any CPU
		{E9EDA6AB-2700-45A0-A24F-BC6127827EA3}.Debug|Any CPU.Build.0 = Debug|Any CPU
		{E9EDA6AB-2700-45A0-A24F-BC6127827EA3}.Debug|x64.ActiveCfg = Debug|x64
		{E9EDA6AB-2700-45A0-A24F-BC6127827EA3}.Debug|x64.Build.0 = Debug|x64
		{E9EDA6AB-2700-45A0-A24F-BC6127827EA3}.Debug|x86.ActiveCfg = Debug|Any CPU
		{E9EDA6AB-2700-45A0-A24F-BC6127827EA3}.Debug|x86.Build.0 = Debug|Any CPU
		{E9EDA6AB-2700-45A0-A24F-BC6127827EA3}.Release|Any CPU.ActiveCfg = Release|Any CPU
		{E9EDA6AB-2700-45A0-A24F-BC6127827EA3}.Release|Any CPU.Build.0 = Release|Any CPU
		{E9EDA6AB-2700-45A0-A24F-BC6127827EA3}.Release|x64.ActiveCfg = Release|x64
		{E9EDA6AB-2700-45A0-A24F-BC6127827EA3}.Release|x64.Build.0 = Release|x64
		{E9EDA6AB-2700-45A0-A24F-BC6127827EA3}.Release|x86.ActiveCfg = Release|Any CPU
		{E9EDA6AB-2700-45A0-A24F-BC6127827EA3}.Release|x86.Build.0 = Release|Any CPU
	EndGlobalSection
	GlobalSection(SolutionProperties) = preSolution
		HideSolutionNode = FALSE
	EndGlobalSection
	GlobalSection(NestedProjects) = preSolution
		{34B9CB24-499E-46D9-A79D-015F4123ECDA} = {1E798B47-6CC7-43D9-88E0-1CFAA4F9393C}
		{1CF12EAF-1330-4E75-8BC0-2CDBD5EE27FC} = {1E798B47-6CC7-43D9-88E0-1CFAA4F9393C}
		{D7B9B8BF-456E-400A-80B4-86377CCF7EAF} = {1E798B47-6CC7-43D9-88E0-1CFAA4F9393C}
		{620A1701-83FF-4ADF-A06A-620A2614459D} = {1E798B47-6CC7-43D9-88E0-1CFAA4F9393C}
		{B97C81F9-3044-4FC0-A86C-4925DD0F4ABF} = {66FFDD2B-1418-40EE-974E-10C591A50182}
		{C9EE0971-F0C8-4014-82BD-750AF2A1635F} = {1E798B47-6CC7-43D9-88E0-1CFAA4F9393C}
		{55C429A0-882A-415B-AD0F-69ABE67937B2} = {1E798B47-6CC7-43D9-88E0-1CFAA4F9393C}
		{3D701677-B4D3-478A-9DE9-91238F989D61} = {1E798B47-6CC7-43D9-88E0-1CFAA4F9393C}
		{BD1F554F-B55C-49DC-AFDC-D75CBF914B54} = {69148CED-9904-44A5-A4DC-F0AC70A4ADBF}
		{C102BA37-2C1C-4C8B-9810-53383E25339F} = {69148CED-9904-44A5-A4DC-F0AC70A4ADBF}
		{0EB174E7-0CB2-47C5-8BDE-FC5B0D45C32E} = {69148CED-9904-44A5-A4DC-F0AC70A4ADBF}
		{E2DF7379-2F59-4FED-B7B1-BACB9F130566} = {1E798B47-6CC7-43D9-88E0-1CFAA4F9393C}
		{E01007B1-CFFF-4073-86B7-1599ADE5B4EC} = {1E798B47-6CC7-43D9-88E0-1CFAA4F9393C}
		{AE77FEA2-E7DA-4FCD-B967-7417BABFCD77} = {69148CED-9904-44A5-A4DC-F0AC70A4ADBF}
		{69148CED-9904-44A5-A4DC-F0AC70A4ADBF} = {1E798B47-6CC7-43D9-88E0-1CFAA4F9393C}
		{E39BD341-7C25-48CB-B812-4F756AD97B71} = {1E798B47-6CC7-43D9-88E0-1CFAA4F9393C}
		{E94C8E0B-C186-4773-83A3-532200AEEABD} = {1E798B47-6CC7-43D9-88E0-1CFAA4F9393C}
		{E9EDA6AB-2700-45A0-A24F-BC6127827EA3} = {1E798B47-6CC7-43D9-88E0-1CFAA4F9393C}
	EndGlobalSection
	GlobalSection(ExtensibilityGlobals) = postSolution
		SolutionGuid = {634746EE-A295-4EF0-B6D7-C48B2E48B4CD}
	EndGlobalSection
EndGlobal
